// !$*UTF8*$!
{
	archiveVersion = 1;
	classes = {
	};
	objectVersion = 46;
	objects = {

/* Begin PBXBuildFile section */
		180148071E0A6E6D00C99D16 /* JSQMessagesAssets.bundle in Resources */ = {isa = PBXBuildFile; fileRef = 180147A21E0A6E6D00C99D16 /* JSQMessagesAssets.bundle */; };
		180148081E0A6E6D00C99D16 /* JSQSystemSoundPlayer+JSQMessages.m in Sources */ = {isa = PBXBuildFile; fileRef = 180147A51E0A6E6D00C99D16 /* JSQSystemSoundPlayer+JSQMessages.m */; };
		180148091E0A6E6D00C99D16 /* NSBundle+JSQMessages.m in Sources */ = {isa = PBXBuildFile; fileRef = 180147A71E0A6E6D00C99D16 /* NSBundle+JSQMessages.m */; };
		1801480A1E0A6E6D00C99D16 /* NSString+JSQMessages.m in Sources */ = {isa = PBXBuildFile; fileRef = 180147A91E0A6E6D00C99D16 /* NSString+JSQMessages.m */; };
		1801480B1E0A6E6D00C99D16 /* UIColor+JSQMessages.m in Sources */ = {isa = PBXBuildFile; fileRef = 180147AB1E0A6E6D00C99D16 /* UIColor+JSQMessages.m */; };
		1801480C1E0A6E6D00C99D16 /* UIDevice+JSQMessages.m in Sources */ = {isa = PBXBuildFile; fileRef = 180147AD1E0A6E6D00C99D16 /* UIDevice+JSQMessages.m */; };
		1801480D1E0A6E6D00C99D16 /* UIImage+JSQMessages.m in Sources */ = {isa = PBXBuildFile; fileRef = 180147AF1E0A6E6D00C99D16 /* UIImage+JSQMessages.m */; };
		1801480E1E0A6E6D00C99D16 /* UIView+JSQMessages.m in Sources */ = {isa = PBXBuildFile; fileRef = 180147B11E0A6E6D00C99D16 /* UIView+JSQMessages.m */; };
		1801480F1E0A6E6D00C99D16 /* JSQMessagesKeyboardController.m in Sources */ = {isa = PBXBuildFile; fileRef = 180147B41E0A6E6D00C99D16 /* JSQMessagesKeyboardController.m */; };
		180148101E0A6E6D00C99D16 /* JSQMessagesViewController.m in Sources */ = {isa = PBXBuildFile; fileRef = 180147B61E0A6E6D00C99D16 /* JSQMessagesViewController.m */; };
		180148111E0A6E6D00C99D16 /* JSQMessagesViewController.xib in Resources */ = {isa = PBXBuildFile; fileRef = 180147B71E0A6E6D00C99D16 /* JSQMessagesViewController.xib */; };
		180148121E0A6E6D00C99D16 /* JSQMessagesAvatarImageFactory.m in Sources */ = {isa = PBXBuildFile; fileRef = 180147BA1E0A6E6D00C99D16 /* JSQMessagesAvatarImageFactory.m */; };
		180148131E0A6E6D00C99D16 /* JSQMessagesBubbleImageFactory.m in Sources */ = {isa = PBXBuildFile; fileRef = 180147BC1E0A6E6D00C99D16 /* JSQMessagesBubbleImageFactory.m */; };
		180148141E0A6E6D00C99D16 /* JSQMessagesMediaViewBubbleImageMasker.m in Sources */ = {isa = PBXBuildFile; fileRef = 180147BE1E0A6E6D00C99D16 /* JSQMessagesMediaViewBubbleImageMasker.m */; };
		180148151E0A6E6D00C99D16 /* JSQMessagesTimestampFormatter.m in Sources */ = {isa = PBXBuildFile; fileRef = 180147C01E0A6E6D00C99D16 /* JSQMessagesTimestampFormatter.m */; };
		180148161E0A6E6D00C99D16 /* JSQMessagesToolbarButtonFactory.m in Sources */ = {isa = PBXBuildFile; fileRef = 180147C21E0A6E6D00C99D16 /* JSQMessagesToolbarButtonFactory.m */; };
		180148171E0A6E6D00C99D16 /* JSQSystemSoundPlayer.m in Sources */ = {isa = PBXBuildFile; fileRef = 180147C51E0A6E6D00C99D16 /* JSQSystemSoundPlayer.m */; };
		180148181E0A6E6D00C99D16 /* JSQMessagesBubblesSizeCalculator.m in Sources */ = {isa = PBXBuildFile; fileRef = 180147C91E0A6E6D00C99D16 /* JSQMessagesBubblesSizeCalculator.m */; };
		180148191E0A6E6D00C99D16 /* JSQMessagesCollectionViewFlowLayout.m in Sources */ = {isa = PBXBuildFile; fileRef = 180147CB1E0A6E6D00C99D16 /* JSQMessagesCollectionViewFlowLayout.m */; };
		1801481A1E0A6E6D00C99D16 /* JSQMessagesCollectionViewFlowLayoutInvalidationContext.m in Sources */ = {isa = PBXBuildFile; fileRef = 180147CD1E0A6E6D00C99D16 /* JSQMessagesCollectionViewFlowLayoutInvalidationContext.m */; };
		1801481B1E0A6E6D00C99D16 /* JSQMessagesCollectionViewLayoutAttributes.m in Sources */ = {isa = PBXBuildFile; fileRef = 180147CF1E0A6E6D00C99D16 /* JSQMessagesCollectionViewLayoutAttributes.m */; };
		1801481C1E0A6E6D00C99D16 /* MessageViewController.m in Sources */ = {isa = PBXBuildFile; fileRef = 180147D11E0A6E6D00C99D16 /* MessageViewController.m */; };
		1801481D1E0A6E6D00C99D16 /* JSQLocationMediaItem.m in Sources */ = {isa = PBXBuildFile; fileRef = 180147D41E0A6E6D00C99D16 /* JSQLocationMediaItem.m */; };
		1801481E1E0A6E6D00C99D16 /* JSQMediaItem.m in Sources */ = {isa = PBXBuildFile; fileRef = 180147D61E0A6E6D00C99D16 /* JSQMediaItem.m */; };
		1801481F1E0A6E6D00C99D16 /* JSQMessage.m in Sources */ = {isa = PBXBuildFile; fileRef = 180147D81E0A6E6D00C99D16 /* JSQMessage.m */; };
		180148201E0A6E6D00C99D16 /* JSQMessagesAvatarImage.m in Sources */ = {isa = PBXBuildFile; fileRef = 180147DE1E0A6E6D00C99D16 /* JSQMessagesAvatarImage.m */; };
		180148211E0A6E6D00C99D16 /* JSQMessagesBubbleImage.m in Sources */ = {isa = PBXBuildFile; fileRef = 180147E01E0A6E6D00C99D16 /* JSQMessagesBubbleImage.m */; };
		180148221E0A6E6D00C99D16 /* JSQPhotoMediaItem.m in Sources */ = {isa = PBXBuildFile; fileRef = 180147E41E0A6E6D00C99D16 /* JSQPhotoMediaItem.m */; };
		180148231E0A6E6D00C99D16 /* JSQVideoMediaItem.m in Sources */ = {isa = PBXBuildFile; fileRef = 180147E61E0A6E6D00C99D16 /* JSQVideoMediaItem.m */; };
		180148241E0A6E6D00C99D16 /* PhotoMediaItem.m in Sources */ = {isa = PBXBuildFile; fileRef = 180147E81E0A6E6D00C99D16 /* PhotoMediaItem.m */; };
		180148251E0A6E6D00C99D16 /* JSQMessagesCellTextView.m in Sources */ = {isa = PBXBuildFile; fileRef = 180147EB1E0A6E6D00C99D16 /* JSQMessagesCellTextView.m */; };
		180148261E0A6E6D00C99D16 /* JSQMessagesCollectionView.m in Sources */ = {isa = PBXBuildFile; fileRef = 180147ED1E0A6E6D00C99D16 /* JSQMessagesCollectionView.m */; };
		180148271E0A6E6D00C99D16 /* JSQMessagesCollectionViewCell.m in Sources */ = {isa = PBXBuildFile; fileRef = 180147EF1E0A6E6D00C99D16 /* JSQMessagesCollectionViewCell.m */; };
		180148281E0A6E6D00C99D16 /* JSQMessagesCollectionViewCellIncoming.m in Sources */ = {isa = PBXBuildFile; fileRef = 180147F11E0A6E6D00C99D16 /* JSQMessagesCollectionViewCellIncoming.m */; };
		180148291E0A6E6D00C99D16 /* JSQMessagesCollectionViewCellIncoming.xib in Resources */ = {isa = PBXBuildFile; fileRef = 180147F21E0A6E6D00C99D16 /* JSQMessagesCollectionViewCellIncoming.xib */; };
		1801482A1E0A6E6D00C99D16 /* JSQMessagesCollectionViewCellOutgoing.m in Sources */ = {isa = PBXBuildFile; fileRef = 180147F41E0A6E6D00C99D16 /* JSQMessagesCollectionViewCellOutgoing.m */; };
		1801482B1E0A6E6D00C99D16 /* JSQMessagesCollectionViewCellOutgoing.xib in Resources */ = {isa = PBXBuildFile; fileRef = 180147F51E0A6E6D00C99D16 /* JSQMessagesCollectionViewCellOutgoing.xib */; };
		1801482C1E0A6E6D00C99D16 /* JSQMessagesComposerTextView.m in Sources */ = {isa = PBXBuildFile; fileRef = 180147F71E0A6E6D00C99D16 /* JSQMessagesComposerTextView.m */; };
		1801482D1E0A6E6D00C99D16 /* JSQMessagesInputToolbar.m in Sources */ = {isa = PBXBuildFile; fileRef = 180147F91E0A6E6D00C99D16 /* JSQMessagesInputToolbar.m */; };
		1801482E1E0A6E6D00C99D16 /* JSQMessagesLabel.m in Sources */ = {isa = PBXBuildFile; fileRef = 180147FB1E0A6E6D00C99D16 /* JSQMessagesLabel.m */; };
		1801482F1E0A6E6D00C99D16 /* JSQMessagesLoadEarlierHeaderView.m in Sources */ = {isa = PBXBuildFile; fileRef = 180147FD1E0A6E6D00C99D16 /* JSQMessagesLoadEarlierHeaderView.m */; };
		180148301E0A6E6D00C99D16 /* JSQMessagesLoadEarlierHeaderView.xib in Resources */ = {isa = PBXBuildFile; fileRef = 180147FE1E0A6E6D00C99D16 /* JSQMessagesLoadEarlierHeaderView.xib */; };
		180148311E0A6E6D00C99D16 /* JSQMessagesMediaPlaceholderView.m in Sources */ = {isa = PBXBuildFile; fileRef = 180148001E0A6E6D00C99D16 /* JSQMessagesMediaPlaceholderView.m */; };
		180148321E0A6E6D00C99D16 /* JSQMessagesToolbarContentView.m in Sources */ = {isa = PBXBuildFile; fileRef = 180148021E0A6E6D00C99D16 /* JSQMessagesToolbarContentView.m */; };
		180148331E0A6E6D00C99D16 /* JSQMessagesToolbarContentView.xib in Resources */ = {isa = PBXBuildFile; fileRef = 180148031E0A6E6D00C99D16 /* JSQMessagesToolbarContentView.xib */; };
		180148341E0A6E6D00C99D16 /* JSQMessagesTypingIndicatorFooterView.m in Sources */ = {isa = PBXBuildFile; fileRef = 180148051E0A6E6D00C99D16 /* JSQMessagesTypingIndicatorFooterView.m */; };
		180148351E0A6E6D00C99D16 /* JSQMessagesTypingIndicatorFooterView.xib in Resources */ = {isa = PBXBuildFile; fileRef = 180148061E0A6E6D00C99D16 /* JSQMessagesTypingIndicatorFooterView.xib */; };
		18162D941E0A91E000D9DAE2 /* ChatListViewController.swift in Sources */ = {isa = PBXBuildFile; fileRef = 18162D931E0A91E000D9DAE2 /* ChatListViewController.swift */; };
		18162D971E0A959800D9DAE2 /* CommonClass.m in Sources */ = {isa = PBXBuildFile; fileRef = 18162D961E0A959800D9DAE2 /* CommonClass.m */; };
		1846AD8E1E0A71AD0051FB47 /* PopupViewController.swift in Sources */ = {isa = PBXBuildFile; fileRef = 1846AD8D1E0A71AD0051FB47 /* PopupViewController.swift */; };
		1846AD911E0A72520051FB47 /* UIVViewController-SLPopup.swift in Sources */ = {isa = PBXBuildFile; fileRef = 1846AD901E0A72520051FB47 /* UIVViewController-SLPopup.swift */; };
		187010241E0E4C1B008ED2FA /* Reachability.m in Sources */ = {isa = PBXBuildFile; fileRef = 187010231E0E4C1B008ED2FA /* Reachability.m */; };
		18951FEC1DE6BB4200017A0F /* HomeViewController.swift in Sources */ = {isa = PBXBuildFile; fileRef = 18951FEB1DE6BB4200017A0F /* HomeViewController.swift */; };
		18951FEE1DE6BE8100017A0F /* DetailViewController.swift in Sources */ = {isa = PBXBuildFile; fileRef = 18951FED1DE6BE8100017A0F /* DetailViewController.swift */; };
		18951FF91DE6E5F400017A0F /* BaseViewController.swift in Sources */ = {isa = PBXBuildFile; fileRef = 18951FF71DE6E5F400017A0F /* BaseViewController.swift */; };
		18951FFA1DE6E5F400017A0F /* SideMenu.swift in Sources */ = {isa = PBXBuildFile; fileRef = 18951FF81DE6E5F400017A0F /* SideMenu.swift */; };
		18951FFD1DE6E6B800017A0F /* SideMenu.xib in Resources */ = {isa = PBXBuildFile; fileRef = 18951FFB1DE6E6B800017A0F /* SideMenu.xib */; };
		18951FFE1DE6E6B800017A0F /* MenuCell.xib in Resources */ = {isa = PBXBuildFile; fileRef = 18951FFC1DE6E6B800017A0F /* MenuCell.xib */; };
		189520001DE6ECA900017A0F /* SignupViewController.swift in Sources */ = {isa = PBXBuildFile; fileRef = 18951FFF1DE6ECA900017A0F /* SignupViewController.swift */; };
		1895200D1DE6FD9A00017A0F /* TPKeyboardAvoidingScrollView.m in Sources */ = {isa = PBXBuildFile; fileRef = 1895200A1DE6FD9A00017A0F /* TPKeyboardAvoidingScrollView.m */; };
		1895200E1DE6FD9A00017A0F /* UIScrollView+TPKeyboardAvoidingAdditions.m in Sources */ = {isa = PBXBuildFile; fileRef = 1895200C1DE6FD9A00017A0F /* UIScrollView+TPKeyboardAvoidingAdditions.m */; };
		18ADC9BF1DE5A23200A005E6 /* Images.xcassets in Resources */ = {isa = PBXBuildFile; fileRef = 18ADC9BE1DE5A23200A005E6 /* Images.xcassets */; };
		18F014F91E0BB0F700A5D9B9 /* NSBundle+Language.m in Sources */ = {isa = PBXBuildFile; fileRef = 18F014F81E0BB0F700A5D9B9 /* NSBundle+Language.m */; };
		18F024321DE4144E005FC57F /* AppDelegate.swift in Sources */ = {isa = PBXBuildFile; fileRef = 18F024311DE4144E005FC57F /* AppDelegate.swift */; };
		18F024371DE4144E005FC57F /* Main.storyboard in Resources */ = {isa = PBXBuildFile; fileRef = 18F024351DE4144E005FC57F /* Main.storyboard */; };
		18F0243A1DE4144E005FC57F /* AirAgentLawyer.xcdatamodeld in Sources */ = {isa = PBXBuildFile; fileRef = 18F024381DE4144E005FC57F /* AirAgentLawyer.xcdatamodeld */; };
		18F0243C1DE4144E005FC57F /* Assets.xcassets in Resources */ = {isa = PBXBuildFile; fileRef = 18F0243B1DE4144E005FC57F /* Assets.xcassets */; };
		18F0243F1DE4144E005FC57F /* LaunchScreen.storyboard in Resources */ = {isa = PBXBuildFile; fileRef = 18F0243D1DE4144E005FC57F /* LaunchScreen.storyboard */; };
		18F0244A1DE41681005FC57F /* LoginViewController.swift in Sources */ = {isa = PBXBuildFile; fileRef = 18F024491DE41681005FC57F /* LoginViewController.swift */; };
		18F0244C1DE416B5005FC57F /* GlobalClass.swift in Sources */ = {isa = PBXBuildFile; fileRef = 18F0244B1DE416B5005FC57F /* GlobalClass.swift */; };
		18F0244E1DE416DB005FC57F /* SwiftLoader.swift in Sources */ = {isa = PBXBuildFile; fileRef = 18F0244D1DE416DB005FC57F /* SwiftLoader.swift */; };
		18F024501DE41738005FC57F /* Constant.swift in Sources */ = {isa = PBXBuildFile; fileRef = 18F0244F1DE41738005FC57F /* Constant.swift */; };
		2BF0B4A51DE9583A00512899 /* ProfileViewController.swift in Sources */ = {isa = PBXBuildFile; fileRef = 2BF0B4A41DE9583A00512899 /* ProfileViewController.swift */; };
		2BF0B4B81DE959B700512899 /* NSCalendar+RSDFAdditions.m in Sources */ = {isa = PBXBuildFile; fileRef = 2BF0B4A81DE959B700512899 /* NSCalendar+RSDFAdditions.m */; };
		2BF0B4B91DE959B700512899 /* RSDFDatePickerCollectionView.m in Sources */ = {isa = PBXBuildFile; fileRef = 2BF0B4AB1DE959B700512899 /* RSDFDatePickerCollectionView.m */; };
		2BF0B4BA1DE959B700512899 /* RSDFDatePickerCollectionViewLayout.m in Sources */ = {isa = PBXBuildFile; fileRef = 2BF0B4AD1DE959B700512899 /* RSDFDatePickerCollectionViewLayout.m */; };
		2BF0B4BB1DE959B700512899 /* RSDFDatePickerDayCell.m in Sources */ = {isa = PBXBuildFile; fileRef = 2BF0B4B01DE959B700512899 /* RSDFDatePickerDayCell.m */; };
		2BF0B4BC1DE959B700512899 /* RSDFDatePickerDaysOfWeekView.m in Sources */ = {isa = PBXBuildFile; fileRef = 2BF0B4B21DE959B700512899 /* RSDFDatePickerDaysOfWeekView.m */; };
		2BF0B4BD1DE959B700512899 /* RSDFDatePickerMonthHeader.m in Sources */ = {isa = PBXBuildFile; fileRef = 2BF0B4B41DE959B700512899 /* RSDFDatePickerMonthHeader.m */; };
		2BF0B4BE1DE959B700512899 /* RSDFDatePickerView.m in Sources */ = {isa = PBXBuildFile; fileRef = 2BF0B4B61DE959B700512899 /* RSDFDatePickerView.m */; };
		2BF0B4C31DE95B3E00512899 /* AddScheduleViewController.swift in Sources */ = {isa = PBXBuildFile; fileRef = 2BF0B4C21DE95B3E00512899 /* AddScheduleViewController.swift */; };
		2BF0B4C61DE95D3000512899 /* MyScheduleViewController.swift in Sources */ = {isa = PBXBuildFile; fileRef = 2BF0B4C51DE95D3000512899 /* MyScheduleViewController.swift */; };
		8460CFD91E0B91FE0067BC56 /* PostProjectRequest.swift in Sources */ = {isa = PBXBuildFile; fileRef = 8460CFD81E0B91FE0067BC56 /* PostProjectRequest.swift */; };
		8460CFDB1E0B9C610067BC56 /* PrincipleDetailViewController.swift in Sources */ = {isa = PBXBuildFile; fileRef = 8460CFDA1E0B9C610067BC56 /* PrincipleDetailViewController.swift */; };
		8460CFDD1E0BAC6B0067BC56 /* PostProjectViewController.swift in Sources */ = {isa = PBXBuildFile; fileRef = 8460CFDC1E0BAC6B0067BC56 /* PostProjectViewController.swift */; };
		8460CFE41E0BDE950067BC56 /* AgentPrincipleViewController.swift in Sources */ = {isa = PBXBuildFile; fileRef = 8460CFE31E0BDE950067BC56 /* AgentPrincipleViewController.swift */; };
		848FEB381E07B25000945222 /* MentionRequest.swift in Sources */ = {isa = PBXBuildFile; fileRef = 848FEB371E07B25000945222 /* MentionRequest.swift */; };
		84C0CDB51E03BE9500078FEA /* ChangePasswordViewController.swift in Sources */ = {isa = PBXBuildFile; fileRef = 84C0CDB41E03BE9500078FEA /* ChangePasswordViewController.swift */; };
		84C0CDDA1E03C9C900078FEA /* MKAnnotationView+WebCache.m in Sources */ = {isa = PBXBuildFile; fileRef = 84C0CDBA1E03C9C900078FEA /* MKAnnotationView+WebCache.m */; };
		84C0CDDB1E03C9C900078FEA /* NSData+ImageContentType.m in Sources */ = {isa = PBXBuildFile; fileRef = 84C0CDBC1E03C9C900078FEA /* NSData+ImageContentType.m */; };
		84C0CDDC1E03C9C900078FEA /* SDImageCache.m in Sources */ = {isa = PBXBuildFile; fileRef = 84C0CDBE1E03C9C900078FEA /* SDImageCache.m */; };
		84C0CDDD1E03C9C900078FEA /* SDWebImageCompat.m in Sources */ = {isa = PBXBuildFile; fileRef = 84C0CDC01E03C9C900078FEA /* SDWebImageCompat.m */; };
		84C0CDDE1E03C9C900078FEA /* SDWebImageDecoder.m in Sources */ = {isa = PBXBuildFile; fileRef = 84C0CDC21E03C9C900078FEA /* SDWebImageDecoder.m */; };
		84C0CDDF1E03C9C900078FEA /* SDWebImageDownloader.m in Sources */ = {isa = PBXBuildFile; fileRef = 84C0CDC41E03C9C900078FEA /* SDWebImageDownloader.m */; };
		84C0CDE01E03C9C900078FEA /* SDWebImageDownloaderOperation.m in Sources */ = {isa = PBXBuildFile; fileRef = 84C0CDC61E03C9C900078FEA /* SDWebImageDownloaderOperation.m */; };
		84C0CDE11E03C9C900078FEA /* SDWebImageManager.m in Sources */ = {isa = PBXBuildFile; fileRef = 84C0CDC81E03C9C900078FEA /* SDWebImageManager.m */; };
		84C0CDE21E03C9C900078FEA /* SDWebImagePrefetcher.m in Sources */ = {isa = PBXBuildFile; fileRef = 84C0CDCB1E03C9C900078FEA /* SDWebImagePrefetcher.m */; };
		84C0CDE31E03C9C900078FEA /* UIButton+WebCache.m in Sources */ = {isa = PBXBuildFile; fileRef = 84C0CDCD1E03C9C900078FEA /* UIButton+WebCache.m */; };
		84C0CDE41E03C9C900078FEA /* UIImage+GIF.m in Sources */ = {isa = PBXBuildFile; fileRef = 84C0CDCF1E03C9C900078FEA /* UIImage+GIF.m */; };
		84C0CDE51E03C9C900078FEA /* UIImage+MultiFormat.m in Sources */ = {isa = PBXBuildFile; fileRef = 84C0CDD11E03C9C900078FEA /* UIImage+MultiFormat.m */; };
		84C0CDE61E03C9C900078FEA /* UIImage+WebP.m in Sources */ = {isa = PBXBuildFile; fileRef = 84C0CDD31E03C9C900078FEA /* UIImage+WebP.m */; };
		84C0CDE71E03C9C900078FEA /* UIImageView+HighlightedWebCache.m in Sources */ = {isa = PBXBuildFile; fileRef = 84C0CDD51E03C9C900078FEA /* UIImageView+HighlightedWebCache.m */; };
		84C0CDE81E03C9C900078FEA /* UIImageView+WebCache.m in Sources */ = {isa = PBXBuildFile; fileRef = 84C0CDD71E03C9C900078FEA /* UIImageView+WebCache.m */; };
		84C0CDE91E03C9C900078FEA /* UIView+WebCacheOperation.m in Sources */ = {isa = PBXBuildFile; fileRef = 84C0CDD91E03C9C900078FEA /* UIView+WebCacheOperation.m */; };
		84CE97C51E0A765E00A6BFAA /* DataSchedule.swift in Sources */ = {isa = PBXBuildFile; fileRef = 84CE97C41E0A765E00A6BFAA /* DataSchedule.swift */; };
		84CE97CA1E0A875000A6BFAA /* SBPickerSelector.m in Sources */ = {isa = PBXBuildFile; fileRef = 84CE97C81E0A875000A6BFAA /* SBPickerSelector.m */; };
		84CE97CB1E0A875000A6BFAA /* SBPickerSelector.xib in Resources */ = {isa = PBXBuildFile; fileRef = 84CE97C91E0A875000A6BFAA /* SBPickerSelector.xib */; };
		84E33C841E08E03E00501291 /* MentionDetailViewController.swift in Sources */ = {isa = PBXBuildFile; fileRef = 84E33C831E08E03E00501291 /* MentionDetailViewController.swift */; };
/* End PBXBuildFile section */

/* Begin PBXFileReference section */
		180147A21E0A6E6D00C99D16 /* JSQMessagesAssets.bundle */ = {isa = PBXFileReference; lastKnownFileType = "wrapper.plug-in"; path = JSQMessagesAssets.bundle; sourceTree = "<group>"; };
		180147A41E0A6E6D00C99D16 /* JSQSystemSoundPlayer+JSQMessages.h */ = {isa = PBXFileReference; fileEncoding = 4; lastKnownFileType = sourcecode.c.h; path = "JSQSystemSoundPlayer+JSQMessages.h"; sourceTree = "<group>"; };
		180147A51E0A6E6D00C99D16 /* JSQSystemSoundPlayer+JSQMessages.m */ = {isa = PBXFileReference; fileEncoding = 4; lastKnownFileType = sourcecode.c.objc; path = "JSQSystemSoundPlayer+JSQMessages.m"; sourceTree = "<group>"; };
		180147A61E0A6E6D00C99D16 /* NSBundle+JSQMessages.h */ = {isa = PBXFileReference; fileEncoding = 4; lastKnownFileType = sourcecode.c.h; path = "NSBundle+JSQMessages.h"; sourceTree = "<group>"; };
		180147A71E0A6E6D00C99D16 /* NSBundle+JSQMessages.m */ = {isa = PBXFileReference; fileEncoding = 4; lastKnownFileType = sourcecode.c.objc; path = "NSBundle+JSQMessages.m"; sourceTree = "<group>"; };
		180147A81E0A6E6D00C99D16 /* NSString+JSQMessages.h */ = {isa = PBXFileReference; fileEncoding = 4; lastKnownFileType = sourcecode.c.h; path = "NSString+JSQMessages.h"; sourceTree = "<group>"; };
		180147A91E0A6E6D00C99D16 /* NSString+JSQMessages.m */ = {isa = PBXFileReference; fileEncoding = 4; lastKnownFileType = sourcecode.c.objc; path = "NSString+JSQMessages.m"; sourceTree = "<group>"; };
		180147AA1E0A6E6D00C99D16 /* UIColor+JSQMessages.h */ = {isa = PBXFileReference; fileEncoding = 4; lastKnownFileType = sourcecode.c.h; path = "UIColor+JSQMessages.h"; sourceTree = "<group>"; };
		180147AB1E0A6E6D00C99D16 /* UIColor+JSQMessages.m */ = {isa = PBXFileReference; fileEncoding = 4; lastKnownFileType = sourcecode.c.objc; path = "UIColor+JSQMessages.m"; sourceTree = "<group>"; };
		180147AC1E0A6E6D00C99D16 /* UIDevice+JSQMessages.h */ = {isa = PBXFileReference; fileEncoding = 4; lastKnownFileType = sourcecode.c.h; path = "UIDevice+JSQMessages.h"; sourceTree = "<group>"; };
		180147AD1E0A6E6D00C99D16 /* UIDevice+JSQMessages.m */ = {isa = PBXFileReference; fileEncoding = 4; lastKnownFileType = sourcecode.c.objc; path = "UIDevice+JSQMessages.m"; sourceTree = "<group>"; };
		180147AE1E0A6E6D00C99D16 /* UIImage+JSQMessages.h */ = {isa = PBXFileReference; fileEncoding = 4; lastKnownFileType = sourcecode.c.h; path = "UIImage+JSQMessages.h"; sourceTree = "<group>"; };
		180147AF1E0A6E6D00C99D16 /* UIImage+JSQMessages.m */ = {isa = PBXFileReference; fileEncoding = 4; lastKnownFileType = sourcecode.c.objc; path = "UIImage+JSQMessages.m"; sourceTree = "<group>"; };
		180147B01E0A6E6D00C99D16 /* UIView+JSQMessages.h */ = {isa = PBXFileReference; fileEncoding = 4; lastKnownFileType = sourcecode.c.h; path = "UIView+JSQMessages.h"; sourceTree = "<group>"; };
		180147B11E0A6E6D00C99D16 /* UIView+JSQMessages.m */ = {isa = PBXFileReference; fileEncoding = 4; lastKnownFileType = sourcecode.c.objc; path = "UIView+JSQMessages.m"; sourceTree = "<group>"; };
		180147B31E0A6E6D00C99D16 /* JSQMessagesKeyboardController.h */ = {isa = PBXFileReference; fileEncoding = 4; lastKnownFileType = sourcecode.c.h; path = JSQMessagesKeyboardController.h; sourceTree = "<group>"; };
		180147B41E0A6E6D00C99D16 /* JSQMessagesKeyboardController.m */ = {isa = PBXFileReference; fileEncoding = 4; lastKnownFileType = sourcecode.c.objc; path = JSQMessagesKeyboardController.m; sourceTree = "<group>"; };
		180147B51E0A6E6D00C99D16 /* JSQMessagesViewController.h */ = {isa = PBXFileReference; fileEncoding = 4; lastKnownFileType = sourcecode.c.h; path = JSQMessagesViewController.h; sourceTree = "<group>"; };
		180147B61E0A6E6D00C99D16 /* JSQMessagesViewController.m */ = {isa = PBXFileReference; fileEncoding = 4; lastKnownFileType = sourcecode.c.objc; path = JSQMessagesViewController.m; sourceTree = "<group>"; };
		180147B71E0A6E6D00C99D16 /* JSQMessagesViewController.xib */ = {isa = PBXFileReference; fileEncoding = 4; lastKnownFileType = file.xib; path = JSQMessagesViewController.xib; sourceTree = "<group>"; };
		180147B91E0A6E6D00C99D16 /* JSQMessagesAvatarImageFactory.h */ = {isa = PBXFileReference; fileEncoding = 4; lastKnownFileType = sourcecode.c.h; path = JSQMessagesAvatarImageFactory.h; sourceTree = "<group>"; };
		180147BA1E0A6E6D00C99D16 /* JSQMessagesAvatarImageFactory.m */ = {isa = PBXFileReference; fileEncoding = 4; lastKnownFileType = sourcecode.c.objc; path = JSQMessagesAvatarImageFactory.m; sourceTree = "<group>"; };
		180147BB1E0A6E6D00C99D16 /* JSQMessagesBubbleImageFactory.h */ = {isa = PBXFileReference; fileEncoding = 4; lastKnownFileType = sourcecode.c.h; path = JSQMessagesBubbleImageFactory.h; sourceTree = "<group>"; };
		180147BC1E0A6E6D00C99D16 /* JSQMessagesBubbleImageFactory.m */ = {isa = PBXFileReference; fileEncoding = 4; lastKnownFileType = sourcecode.c.objc; path = JSQMessagesBubbleImageFactory.m; sourceTree = "<group>"; };
		180147BD1E0A6E6D00C99D16 /* JSQMessagesMediaViewBubbleImageMasker.h */ = {isa = PBXFileReference; fileEncoding = 4; lastKnownFileType = sourcecode.c.h; path = JSQMessagesMediaViewBubbleImageMasker.h; sourceTree = "<group>"; };
		180147BE1E0A6E6D00C99D16 /* JSQMessagesMediaViewBubbleImageMasker.m */ = {isa = PBXFileReference; fileEncoding = 4; lastKnownFileType = sourcecode.c.objc; path = JSQMessagesMediaViewBubbleImageMasker.m; sourceTree = "<group>"; };
		180147BF1E0A6E6D00C99D16 /* JSQMessagesTimestampFormatter.h */ = {isa = PBXFileReference; fileEncoding = 4; lastKnownFileType = sourcecode.c.h; path = JSQMessagesTimestampFormatter.h; sourceTree = "<group>"; };
		180147C01E0A6E6D00C99D16 /* JSQMessagesTimestampFormatter.m */ = {isa = PBXFileReference; fileEncoding = 4; lastKnownFileType = sourcecode.c.objc; path = JSQMessagesTimestampFormatter.m; sourceTree = "<group>"; };
		180147C11E0A6E6D00C99D16 /* JSQMessagesToolbarButtonFactory.h */ = {isa = PBXFileReference; fileEncoding = 4; lastKnownFileType = sourcecode.c.h; path = JSQMessagesToolbarButtonFactory.h; sourceTree = "<group>"; };
		180147C21E0A6E6D00C99D16 /* JSQMessagesToolbarButtonFactory.m */ = {isa = PBXFileReference; fileEncoding = 4; lastKnownFileType = sourcecode.c.objc; path = JSQMessagesToolbarButtonFactory.m; sourceTree = "<group>"; };
		180147C31E0A6E6D00C99D16 /* JSQMessages.h */ = {isa = PBXFileReference; fileEncoding = 4; lastKnownFileType = sourcecode.c.h; path = JSQMessages.h; sourceTree = "<group>"; };
		180147C41E0A6E6D00C99D16 /* JSQSystemSoundPlayer.h */ = {isa = PBXFileReference; fileEncoding = 4; lastKnownFileType = sourcecode.c.h; path = JSQSystemSoundPlayer.h; sourceTree = "<group>"; };
		180147C51E0A6E6D00C99D16 /* JSQSystemSoundPlayer.m */ = {isa = PBXFileReference; fileEncoding = 4; lastKnownFileType = sourcecode.c.objc; path = JSQSystemSoundPlayer.m; sourceTree = "<group>"; };
		180147C71E0A6E6D00C99D16 /* JSQMessagesBubbleSizeCalculating.h */ = {isa = PBXFileReference; fileEncoding = 4; lastKnownFileType = sourcecode.c.h; path = JSQMessagesBubbleSizeCalculating.h; sourceTree = "<group>"; };
		180147C81E0A6E6D00C99D16 /* JSQMessagesBubblesSizeCalculator.h */ = {isa = PBXFileReference; fileEncoding = 4; lastKnownFileType = sourcecode.c.h; path = JSQMessagesBubblesSizeCalculator.h; sourceTree = "<group>"; };
		180147C91E0A6E6D00C99D16 /* JSQMessagesBubblesSizeCalculator.m */ = {isa = PBXFileReference; fileEncoding = 4; lastKnownFileType = sourcecode.c.objc; path = JSQMessagesBubblesSizeCalculator.m; sourceTree = "<group>"; };
		180147CA1E0A6E6D00C99D16 /* JSQMessagesCollectionViewFlowLayout.h */ = {isa = PBXFileReference; fileEncoding = 4; lastKnownFileType = sourcecode.c.h; path = JSQMessagesCollectionViewFlowLayout.h; sourceTree = "<group>"; };
		180147CB1E0A6E6D00C99D16 /* JSQMessagesCollectionViewFlowLayout.m */ = {isa = PBXFileReference; fileEncoding = 4; lastKnownFileType = sourcecode.c.objc; path = JSQMessagesCollectionViewFlowLayout.m; sourceTree = "<group>"; };
		180147CC1E0A6E6D00C99D16 /* JSQMessagesCollectionViewFlowLayoutInvalidationContext.h */ = {isa = PBXFileReference; fileEncoding = 4; lastKnownFileType = sourcecode.c.h; path = JSQMessagesCollectionViewFlowLayoutInvalidationContext.h; sourceTree = "<group>"; };
		180147CD1E0A6E6D00C99D16 /* JSQMessagesCollectionViewFlowLayoutInvalidationContext.m */ = {isa = PBXFileReference; fileEncoding = 4; lastKnownFileType = sourcecode.c.objc; path = JSQMessagesCollectionViewFlowLayoutInvalidationContext.m; sourceTree = "<group>"; };
		180147CE1E0A6E6D00C99D16 /* JSQMessagesCollectionViewLayoutAttributes.h */ = {isa = PBXFileReference; fileEncoding = 4; lastKnownFileType = sourcecode.c.h; path = JSQMessagesCollectionViewLayoutAttributes.h; sourceTree = "<group>"; };
		180147CF1E0A6E6D00C99D16 /* JSQMessagesCollectionViewLayoutAttributes.m */ = {isa = PBXFileReference; fileEncoding = 4; lastKnownFileType = sourcecode.c.objc; path = JSQMessagesCollectionViewLayoutAttributes.m; sourceTree = "<group>"; };
		180147D01E0A6E6D00C99D16 /* MessageViewController.h */ = {isa = PBXFileReference; fileEncoding = 4; lastKnownFileType = sourcecode.c.h; path = MessageViewController.h; sourceTree = "<group>"; };
		180147D11E0A6E6D00C99D16 /* MessageViewController.m */ = {isa = PBXFileReference; fileEncoding = 4; lastKnownFileType = sourcecode.c.objc; path = MessageViewController.m; sourceTree = "<group>"; };
		180147D31E0A6E6D00C99D16 /* JSQLocationMediaItem.h */ = {isa = PBXFileReference; fileEncoding = 4; lastKnownFileType = sourcecode.c.h; path = JSQLocationMediaItem.h; sourceTree = "<group>"; };
		180147D41E0A6E6D00C99D16 /* JSQLocationMediaItem.m */ = {isa = PBXFileReference; fileEncoding = 4; lastKnownFileType = sourcecode.c.objc; path = JSQLocationMediaItem.m; sourceTree = "<group>"; };
		180147D51E0A6E6D00C99D16 /* JSQMediaItem.h */ = {isa = PBXFileReference; fileEncoding = 4; lastKnownFileType = sourcecode.c.h; path = JSQMediaItem.h; sourceTree = "<group>"; };
		180147D61E0A6E6D00C99D16 /* JSQMediaItem.m */ = {isa = PBXFileReference; fileEncoding = 4; lastKnownFileType = sourcecode.c.objc; path = JSQMediaItem.m; sourceTree = "<group>"; };
		180147D71E0A6E6D00C99D16 /* JSQMessage.h */ = {isa = PBXFileReference; fileEncoding = 4; lastKnownFileType = sourcecode.c.h; path = JSQMessage.h; sourceTree = "<group>"; };
		180147D81E0A6E6D00C99D16 /* JSQMessage.m */ = {isa = PBXFileReference; fileEncoding = 4; lastKnownFileType = sourcecode.c.objc; path = JSQMessage.m; sourceTree = "<group>"; };
		180147D91E0A6E6D00C99D16 /* JSQMessageAvatarImageDataSource.h */ = {isa = PBXFileReference; fileEncoding = 4; lastKnownFileType = sourcecode.c.h; path = JSQMessageAvatarImageDataSource.h; sourceTree = "<group>"; };
		180147DA1E0A6E6D00C99D16 /* JSQMessageBubbleImageDataSource.h */ = {isa = PBXFileReference; fileEncoding = 4; lastKnownFileType = sourcecode.c.h; path = JSQMessageBubbleImageDataSource.h; sourceTree = "<group>"; };
		180147DB1E0A6E6D00C99D16 /* JSQMessageData.h */ = {isa = PBXFileReference; fileEncoding = 4; lastKnownFileType = sourcecode.c.h; path = JSQMessageData.h; sourceTree = "<group>"; };
		180147DC1E0A6E6D00C99D16 /* JSQMessageMediaData.h */ = {isa = PBXFileReference; fileEncoding = 4; lastKnownFileType = sourcecode.c.h; path = JSQMessageMediaData.h; sourceTree = "<group>"; };
		180147DD1E0A6E6D00C99D16 /* JSQMessagesAvatarImage.h */ = {isa = PBXFileReference; fileEncoding = 4; lastKnownFileType = sourcecode.c.h; path = JSQMessagesAvatarImage.h; sourceTree = "<group>"; };
		180147DE1E0A6E6D00C99D16 /* JSQMessagesAvatarImage.m */ = {isa = PBXFileReference; fileEncoding = 4; lastKnownFileType = sourcecode.c.objc; path = JSQMessagesAvatarImage.m; sourceTree = "<group>"; };
		180147DF1E0A6E6D00C99D16 /* JSQMessagesBubbleImage.h */ = {isa = PBXFileReference; fileEncoding = 4; lastKnownFileType = sourcecode.c.h; path = JSQMessagesBubbleImage.h; sourceTree = "<group>"; };
		180147E01E0A6E6D00C99D16 /* JSQMessagesBubbleImage.m */ = {isa = PBXFileReference; fileEncoding = 4; lastKnownFileType = sourcecode.c.objc; path = JSQMessagesBubbleImage.m; sourceTree = "<group>"; };
		180147E11E0A6E6D00C99D16 /* JSQMessagesCollectionViewDataSource.h */ = {isa = PBXFileReference; fileEncoding = 4; lastKnownFileType = sourcecode.c.h; path = JSQMessagesCollectionViewDataSource.h; sourceTree = "<group>"; };
		180147E21E0A6E6D00C99D16 /* JSQMessagesCollectionViewDelegateFlowLayout.h */ = {isa = PBXFileReference; fileEncoding = 4; lastKnownFileType = sourcecode.c.h; path = JSQMessagesCollectionViewDelegateFlowLayout.h; sourceTree = "<group>"; };
		180147E31E0A6E6D00C99D16 /* JSQPhotoMediaItem.h */ = {isa = PBXFileReference; fileEncoding = 4; lastKnownFileType = sourcecode.c.h; path = JSQPhotoMediaItem.h; sourceTree = "<group>"; };
		180147E41E0A6E6D00C99D16 /* JSQPhotoMediaItem.m */ = {isa = PBXFileReference; fileEncoding = 4; lastKnownFileType = sourcecode.c.objc; path = JSQPhotoMediaItem.m; sourceTree = "<group>"; };
		180147E51E0A6E6D00C99D16 /* JSQVideoMediaItem.h */ = {isa = PBXFileReference; fileEncoding = 4; lastKnownFileType = sourcecode.c.h; path = JSQVideoMediaItem.h; sourceTree = "<group>"; };
		180147E61E0A6E6D00C99D16 /* JSQVideoMediaItem.m */ = {isa = PBXFileReference; fileEncoding = 4; lastKnownFileType = sourcecode.c.objc; path = JSQVideoMediaItem.m; sourceTree = "<group>"; };
		180147E71E0A6E6D00C99D16 /* PhotoMediaItem.h */ = {isa = PBXFileReference; fileEncoding = 4; lastKnownFileType = sourcecode.c.h; path = PhotoMediaItem.h; sourceTree = "<group>"; };
		180147E81E0A6E6D00C99D16 /* PhotoMediaItem.m */ = {isa = PBXFileReference; fileEncoding = 4; lastKnownFileType = sourcecode.c.objc; path = PhotoMediaItem.m; sourceTree = "<group>"; };
		180147EA1E0A6E6D00C99D16 /* JSQMessagesCellTextView.h */ = {isa = PBXFileReference; fileEncoding = 4; lastKnownFileType = sourcecode.c.h; path = JSQMessagesCellTextView.h; sourceTree = "<group>"; };
		180147EB1E0A6E6D00C99D16 /* JSQMessagesCellTextView.m */ = {isa = PBXFileReference; fileEncoding = 4; lastKnownFileType = sourcecode.c.objc; path = JSQMessagesCellTextView.m; sourceTree = "<group>"; };
		180147EC1E0A6E6D00C99D16 /* JSQMessagesCollectionView.h */ = {isa = PBXFileReference; fileEncoding = 4; lastKnownFileType = sourcecode.c.h; path = JSQMessagesCollectionView.h; sourceTree = "<group>"; };
		180147ED1E0A6E6D00C99D16 /* JSQMessagesCollectionView.m */ = {isa = PBXFileReference; fileEncoding = 4; lastKnownFileType = sourcecode.c.objc; path = JSQMessagesCollectionView.m; sourceTree = "<group>"; };
		180147EE1E0A6E6D00C99D16 /* JSQMessagesCollectionViewCell.h */ = {isa = PBXFileReference; fileEncoding = 4; lastKnownFileType = sourcecode.c.h; path = JSQMessagesCollectionViewCell.h; sourceTree = "<group>"; };
		180147EF1E0A6E6D00C99D16 /* JSQMessagesCollectionViewCell.m */ = {isa = PBXFileReference; fileEncoding = 4; lastKnownFileType = sourcecode.c.objc; path = JSQMessagesCollectionViewCell.m; sourceTree = "<group>"; };
		180147F01E0A6E6D00C99D16 /* JSQMessagesCollectionViewCellIncoming.h */ = {isa = PBXFileReference; fileEncoding = 4; lastKnownFileType = sourcecode.c.h; path = JSQMessagesCollectionViewCellIncoming.h; sourceTree = "<group>"; };
		180147F11E0A6E6D00C99D16 /* JSQMessagesCollectionViewCellIncoming.m */ = {isa = PBXFileReference; fileEncoding = 4; lastKnownFileType = sourcecode.c.objc; path = JSQMessagesCollectionViewCellIncoming.m; sourceTree = "<group>"; };
		180147F21E0A6E6D00C99D16 /* JSQMessagesCollectionViewCellIncoming.xib */ = {isa = PBXFileReference; fileEncoding = 4; lastKnownFileType = file.xib; path = JSQMessagesCollectionViewCellIncoming.xib; sourceTree = "<group>"; };
		180147F31E0A6E6D00C99D16 /* JSQMessagesCollectionViewCellOutgoing.h */ = {isa = PBXFileReference; fileEncoding = 4; lastKnownFileType = sourcecode.c.h; path = JSQMessagesCollectionViewCellOutgoing.h; sourceTree = "<group>"; };
		180147F41E0A6E6D00C99D16 /* JSQMessagesCollectionViewCellOutgoing.m */ = {isa = PBXFileReference; fileEncoding = 4; lastKnownFileType = sourcecode.c.objc; path = JSQMessagesCollectionViewCellOutgoing.m; sourceTree = "<group>"; };
		180147F51E0A6E6D00C99D16 /* JSQMessagesCollectionViewCellOutgoing.xib */ = {isa = PBXFileReference; fileEncoding = 4; lastKnownFileType = file.xib; path = JSQMessagesCollectionViewCellOutgoing.xib; sourceTree = "<group>"; };
		180147F61E0A6E6D00C99D16 /* JSQMessagesComposerTextView.h */ = {isa = PBXFileReference; fileEncoding = 4; lastKnownFileType = sourcecode.c.h; path = JSQMessagesComposerTextView.h; sourceTree = "<group>"; };
		180147F71E0A6E6D00C99D16 /* JSQMessagesComposerTextView.m */ = {isa = PBXFileReference; fileEncoding = 4; lastKnownFileType = sourcecode.c.objc; path = JSQMessagesComposerTextView.m; sourceTree = "<group>"; };
		180147F81E0A6E6D00C99D16 /* JSQMessagesInputToolbar.h */ = {isa = PBXFileReference; fileEncoding = 4; lastKnownFileType = sourcecode.c.h; path = JSQMessagesInputToolbar.h; sourceTree = "<group>"; };
		180147F91E0A6E6D00C99D16 /* JSQMessagesInputToolbar.m */ = {isa = PBXFileReference; fileEncoding = 4; lastKnownFileType = sourcecode.c.objc; path = JSQMessagesInputToolbar.m; sourceTree = "<group>"; };
		180147FA1E0A6E6D00C99D16 /* JSQMessagesLabel.h */ = {isa = PBXFileReference; fileEncoding = 4; lastKnownFileType = sourcecode.c.h; path = JSQMessagesLabel.h; sourceTree = "<group>"; };
		180147FB1E0A6E6D00C99D16 /* JSQMessagesLabel.m */ = {isa = PBXFileReference; fileEncoding = 4; lastKnownFileType = sourcecode.c.objc; path = JSQMessagesLabel.m; sourceTree = "<group>"; };
		180147FC1E0A6E6D00C99D16 /* JSQMessagesLoadEarlierHeaderView.h */ = {isa = PBXFileReference; fileEncoding = 4; lastKnownFileType = sourcecode.c.h; path = JSQMessagesLoadEarlierHeaderView.h; sourceTree = "<group>"; };
		180147FD1E0A6E6D00C99D16 /* JSQMessagesLoadEarlierHeaderView.m */ = {isa = PBXFileReference; fileEncoding = 4; lastKnownFileType = sourcecode.c.objc; path = JSQMessagesLoadEarlierHeaderView.m; sourceTree = "<group>"; };
		180147FE1E0A6E6D00C99D16 /* JSQMessagesLoadEarlierHeaderView.xib */ = {isa = PBXFileReference; fileEncoding = 4; lastKnownFileType = file.xib; path = JSQMessagesLoadEarlierHeaderView.xib; sourceTree = "<group>"; };
		180147FF1E0A6E6D00C99D16 /* JSQMessagesMediaPlaceholderView.h */ = {isa = PBXFileReference; fileEncoding = 4; lastKnownFileType = sourcecode.c.h; path = JSQMessagesMediaPlaceholderView.h; sourceTree = "<group>"; };
		180148001E0A6E6D00C99D16 /* JSQMessagesMediaPlaceholderView.m */ = {isa = PBXFileReference; fileEncoding = 4; lastKnownFileType = sourcecode.c.objc; path = JSQMessagesMediaPlaceholderView.m; sourceTree = "<group>"; };
		180148011E0A6E6D00C99D16 /* JSQMessagesToolbarContentView.h */ = {isa = PBXFileReference; fileEncoding = 4; lastKnownFileType = sourcecode.c.h; path = JSQMessagesToolbarContentView.h; sourceTree = "<group>"; };
		180148021E0A6E6D00C99D16 /* JSQMessagesToolbarContentView.m */ = {isa = PBXFileReference; fileEncoding = 4; lastKnownFileType = sourcecode.c.objc; path = JSQMessagesToolbarContentView.m; sourceTree = "<group>"; };
		180148031E0A6E6D00C99D16 /* JSQMessagesToolbarContentView.xib */ = {isa = PBXFileReference; fileEncoding = 4; lastKnownFileType = file.xib; path = JSQMessagesToolbarContentView.xib; sourceTree = "<group>"; };
		180148041E0A6E6D00C99D16 /* JSQMessagesTypingIndicatorFooterView.h */ = {isa = PBXFileReference; fileEncoding = 4; lastKnownFileType = sourcecode.c.h; path = JSQMessagesTypingIndicatorFooterView.h; sourceTree = "<group>"; };
		180148051E0A6E6D00C99D16 /* JSQMessagesTypingIndicatorFooterView.m */ = {isa = PBXFileReference; fileEncoding = 4; lastKnownFileType = sourcecode.c.objc; path = JSQMessagesTypingIndicatorFooterView.m; sourceTree = "<group>"; };
		180148061E0A6E6D00C99D16 /* JSQMessagesTypingIndicatorFooterView.xib */ = {isa = PBXFileReference; fileEncoding = 4; lastKnownFileType = file.xib; path = JSQMessagesTypingIndicatorFooterView.xib; sourceTree = "<group>"; };
		18162D931E0A91E000D9DAE2 /* ChatListViewController.swift */ = {isa = PBXFileReference; fileEncoding = 4; lastKnownFileType = sourcecode.swift; path = ChatListViewController.swift; sourceTree = "<group>"; };
		18162D951E0A959800D9DAE2 /* CommonClass.h */ = {isa = PBXFileReference; fileEncoding = 4; lastKnownFileType = sourcecode.c.h; path = CommonClass.h; sourceTree = "<group>"; };
		18162D961E0A959800D9DAE2 /* CommonClass.m */ = {isa = PBXFileReference; fileEncoding = 4; lastKnownFileType = sourcecode.c.objc; path = CommonClass.m; sourceTree = "<group>"; };
		1846AD8D1E0A71AD0051FB47 /* PopupViewController.swift */ = {isa = PBXFileReference; fileEncoding = 4; lastKnownFileType = sourcecode.swift; path = PopupViewController.swift; sourceTree = "<group>"; };
		1846AD901E0A72520051FB47 /* UIVViewController-SLPopup.swift */ = {isa = PBXFileReference; fileEncoding = 4; lastKnownFileType = sourcecode.swift; path = "UIVViewController-SLPopup.swift"; sourceTree = "<group>"; };
		187010221E0E4C1B008ED2FA /* Reachability.h */ = {isa = PBXFileReference; fileEncoding = 4; lastKnownFileType = sourcecode.c.h; path = Reachability.h; sourceTree = "<group>"; };
		187010231E0E4C1B008ED2FA /* Reachability.m */ = {isa = PBXFileReference; fileEncoding = 4; lastKnownFileType = sourcecode.c.objc; path = Reachability.m; sourceTree = "<group>"; };
		18951FEB1DE6BB4200017A0F /* HomeViewController.swift */ = {isa = PBXFileReference; fileEncoding = 4; lastKnownFileType = sourcecode.swift; path = HomeViewController.swift; sourceTree = "<group>"; };
		18951FED1DE6BE8100017A0F /* DetailViewController.swift */ = {isa = PBXFileReference; fileEncoding = 4; lastKnownFileType = sourcecode.swift; path = DetailViewController.swift; sourceTree = "<group>"; };
		18951FF71DE6E5F400017A0F /* BaseViewController.swift */ = {isa = PBXFileReference; fileEncoding = 4; lastKnownFileType = sourcecode.swift; path = BaseViewController.swift; sourceTree = "<group>"; };
		18951FF81DE6E5F400017A0F /* SideMenu.swift */ = {isa = PBXFileReference; fileEncoding = 4; lastKnownFileType = sourcecode.swift; path = SideMenu.swift; sourceTree = "<group>"; };
		18951FFB1DE6E6B800017A0F /* SideMenu.xib */ = {isa = PBXFileReference; fileEncoding = 4; lastKnownFileType = file.xib; name = SideMenu.xib; path = ViewControllers/SideMenu.xib; sourceTree = "<group>"; };
		18951FFC1DE6E6B800017A0F /* MenuCell.xib */ = {isa = PBXFileReference; fileEncoding = 4; lastKnownFileType = file.xib; name = MenuCell.xib; path = ViewControllers/MenuCell.xib; sourceTree = "<group>"; };
		18951FFF1DE6ECA900017A0F /* SignupViewController.swift */ = {isa = PBXFileReference; fileEncoding = 4; lastKnownFileType = sourcecode.swift; path = SignupViewController.swift; sourceTree = "<group>"; };
		189520081DE6FD9900017A0F /* AirAgentLawyer-Bridging-Header.h */ = {isa = PBXFileReference; lastKnownFileType = sourcecode.c.h; path = "AirAgentLawyer-Bridging-Header.h"; sourceTree = "<group>"; };
		189520091DE6FD9A00017A0F /* TPKeyboardAvoidingScrollView.h */ = {isa = PBXFileReference; fileEncoding = 4; lastKnownFileType = sourcecode.c.h; path = TPKeyboardAvoidingScrollView.h; sourceTree = "<group>"; };
		1895200A1DE6FD9A00017A0F /* TPKeyboardAvoidingScrollView.m */ = {isa = PBXFileReference; fileEncoding = 4; lastKnownFileType = sourcecode.c.objc; path = TPKeyboardAvoidingScrollView.m; sourceTree = "<group>"; };
		1895200B1DE6FD9A00017A0F /* UIScrollView+TPKeyboardAvoidingAdditions.h */ = {isa = PBXFileReference; fileEncoding = 4; lastKnownFileType = sourcecode.c.h; path = "UIScrollView+TPKeyboardAvoidingAdditions.h"; sourceTree = "<group>"; };
		1895200C1DE6FD9A00017A0F /* UIScrollView+TPKeyboardAvoidingAdditions.m */ = {isa = PBXFileReference; fileEncoding = 4; lastKnownFileType = sourcecode.c.objc; path = "UIScrollView+TPKeyboardAvoidingAdditions.m"; sourceTree = "<group>"; };
		18ADC9BE1DE5A23200A005E6 /* Images.xcassets */ = {isa = PBXFileReference; lastKnownFileType = folder.assetcatalog; path = Images.xcassets; sourceTree = "<group>"; };
		18F014F71E0BB0F700A5D9B9 /* NSBundle+Language.h */ = {isa = PBXFileReference; fileEncoding = 4; lastKnownFileType = sourcecode.c.h; path = "NSBundle+Language.h"; sourceTree = "<group>"; };
		18F014F81E0BB0F700A5D9B9 /* NSBundle+Language.m */ = {isa = PBXFileReference; fileEncoding = 4; lastKnownFileType = sourcecode.c.objc; path = "NSBundle+Language.m"; sourceTree = "<group>"; };
		18F0242E1DE4144E005FC57F /* AirAgentLawyer.app */ = {isa = PBXFileReference; explicitFileType = wrapper.application; includeInIndex = 0; path = AirAgentLawyer.app; sourceTree = BUILT_PRODUCTS_DIR; };
		18F024311DE4144E005FC57F /* AppDelegate.swift */ = {isa = PBXFileReference; lastKnownFileType = sourcecode.swift; path = AppDelegate.swift; sourceTree = "<group>"; };
		18F024361DE4144E005FC57F /* Base */ = {isa = PBXFileReference; lastKnownFileType = file.storyboard; name = Base; path = Base.lproj/Main.storyboard; sourceTree = "<group>"; };
		18F024391DE4144E005FC57F /* AirAgentLawyer.xcdatamodel */ = {isa = PBXFileReference; lastKnownFileType = wrapper.xcdatamodel; path = AirAgentLawyer.xcdatamodel; sourceTree = "<group>"; };
		18F0243B1DE4144E005FC57F /* Assets.xcassets */ = {isa = PBXFileReference; lastKnownFileType = folder.assetcatalog; path = Assets.xcassets; sourceTree = "<group>"; };
		18F0243E1DE4144E005FC57F /* Base */ = {isa = PBXFileReference; lastKnownFileType = file.storyboard; name = Base; path = Base.lproj/LaunchScreen.storyboard; sourceTree = "<group>"; };
		18F024401DE4144E005FC57F /* Info.plist */ = {isa = PBXFileReference; lastKnownFileType = text.plist.xml; path = Info.plist; sourceTree = "<group>"; };
		18F024491DE41681005FC57F /* LoginViewController.swift */ = {isa = PBXFileReference; fileEncoding = 4; lastKnownFileType = sourcecode.swift; path = LoginViewController.swift; sourceTree = "<group>"; };
		18F0244B1DE416B5005FC57F /* GlobalClass.swift */ = {isa = PBXFileReference; fileEncoding = 4; lastKnownFileType = sourcecode.swift; path = GlobalClass.swift; sourceTree = "<group>"; };
		18F0244D1DE416DB005FC57F /* SwiftLoader.swift */ = {isa = PBXFileReference; fileEncoding = 4; lastKnownFileType = sourcecode.swift; path = SwiftLoader.swift; sourceTree = "<group>"; };
		18F0244F1DE41738005FC57F /* Constant.swift */ = {isa = PBXFileReference; fileEncoding = 4; lastKnownFileType = sourcecode.swift; path = Constant.swift; sourceTree = "<group>"; };
		2BF0B4A41DE9583A00512899 /* ProfileViewController.swift */ = {isa = PBXFileReference; fileEncoding = 4; lastKnownFileType = sourcecode.swift; path = ProfileViewController.swift; sourceTree = "<group>"; };
		2BF0B4A71DE959B700512899 /* NSCalendar+RSDFAdditions.h */ = {isa = PBXFileReference; fileEncoding = 4; lastKnownFileType = sourcecode.c.h; path = "NSCalendar+RSDFAdditions.h"; sourceTree = "<group>"; };
		2BF0B4A81DE959B700512899 /* NSCalendar+RSDFAdditions.m */ = {isa = PBXFileReference; fileEncoding = 4; lastKnownFileType = sourcecode.c.objc; path = "NSCalendar+RSDFAdditions.m"; sourceTree = "<group>"; };
		2BF0B4A91DE959B700512899 /* RSDayFlow.h */ = {isa = PBXFileReference; fileEncoding = 4; lastKnownFileType = sourcecode.c.h; path = RSDayFlow.h; sourceTree = "<group>"; };
		2BF0B4AA1DE959B700512899 /* RSDFDatePickerCollectionView.h */ = {isa = PBXFileReference; fileEncoding = 4; lastKnownFileType = sourcecode.c.h; path = RSDFDatePickerCollectionView.h; sourceTree = "<group>"; };
		2BF0B4AB1DE959B700512899 /* RSDFDatePickerCollectionView.m */ = {isa = PBXFileReference; fileEncoding = 4; lastKnownFileType = sourcecode.c.objc; path = RSDFDatePickerCollectionView.m; sourceTree = "<group>"; };
		2BF0B4AC1DE959B700512899 /* RSDFDatePickerCollectionViewLayout.h */ = {isa = PBXFileReference; fileEncoding = 4; lastKnownFileType = sourcecode.c.h; path = RSDFDatePickerCollectionViewLayout.h; sourceTree = "<group>"; };
		2BF0B4AD1DE959B700512899 /* RSDFDatePickerCollectionViewLayout.m */ = {isa = PBXFileReference; fileEncoding = 4; lastKnownFileType = sourcecode.c.objc; path = RSDFDatePickerCollectionViewLayout.m; sourceTree = "<group>"; };
		2BF0B4AE1DE959B700512899 /* RSDFDatePickerDate.h */ = {isa = PBXFileReference; fileEncoding = 4; lastKnownFileType = sourcecode.c.h; path = RSDFDatePickerDate.h; sourceTree = "<group>"; };
		2BF0B4AF1DE959B700512899 /* RSDFDatePickerDayCell.h */ = {isa = PBXFileReference; fileEncoding = 4; lastKnownFileType = sourcecode.c.h; path = RSDFDatePickerDayCell.h; sourceTree = "<group>"; };
		2BF0B4B01DE959B700512899 /* RSDFDatePickerDayCell.m */ = {isa = PBXFileReference; fileEncoding = 4; lastKnownFileType = sourcecode.c.objc; path = RSDFDatePickerDayCell.m; sourceTree = "<group>"; };
		2BF0B4B11DE959B700512899 /* RSDFDatePickerDaysOfWeekView.h */ = {isa = PBXFileReference; fileEncoding = 4; lastKnownFileType = sourcecode.c.h; path = RSDFDatePickerDaysOfWeekView.h; sourceTree = "<group>"; };
		2BF0B4B21DE959B700512899 /* RSDFDatePickerDaysOfWeekView.m */ = {isa = PBXFileReference; fileEncoding = 4; lastKnownFileType = sourcecode.c.objc; path = RSDFDatePickerDaysOfWeekView.m; sourceTree = "<group>"; };
		2BF0B4B31DE959B700512899 /* RSDFDatePickerMonthHeader.h */ = {isa = PBXFileReference; fileEncoding = 4; lastKnownFileType = sourcecode.c.h; path = RSDFDatePickerMonthHeader.h; sourceTree = "<group>"; };
		2BF0B4B41DE959B700512899 /* RSDFDatePickerMonthHeader.m */ = {isa = PBXFileReference; fileEncoding = 4; lastKnownFileType = sourcecode.c.objc; path = RSDFDatePickerMonthHeader.m; sourceTree = "<group>"; };
		2BF0B4B51DE959B700512899 /* RSDFDatePickerView.h */ = {isa = PBXFileReference; fileEncoding = 4; lastKnownFileType = sourcecode.c.h; path = RSDFDatePickerView.h; sourceTree = "<group>"; };
		2BF0B4B61DE959B700512899 /* RSDFDatePickerView.m */ = {isa = PBXFileReference; fileEncoding = 4; lastKnownFileType = sourcecode.c.objc; path = RSDFDatePickerView.m; sourceTree = "<group>"; };
		2BF0B4B71DE959B700512899 /* RSDFDatePickerView+Protected.h */ = {isa = PBXFileReference; fileEncoding = 4; lastKnownFileType = sourcecode.c.h; path = "RSDFDatePickerView+Protected.h"; sourceTree = "<group>"; };
		2BF0B4C21DE95B3E00512899 /* AddScheduleViewController.swift */ = {isa = PBXFileReference; fileEncoding = 4; lastKnownFileType = sourcecode.swift; path = AddScheduleViewController.swift; sourceTree = "<group>"; };
		2BF0B4C51DE95D3000512899 /* MyScheduleViewController.swift */ = {isa = PBXFileReference; fileEncoding = 4; lastKnownFileType = sourcecode.swift; path = MyScheduleViewController.swift; sourceTree = "<group>"; };
		8460CFD81E0B91FE0067BC56 /* PostProjectRequest.swift */ = {isa = PBXFileReference; fileEncoding = 4; lastKnownFileType = sourcecode.swift; path = PostProjectRequest.swift; sourceTree = "<group>"; };
		8460CFDA1E0B9C610067BC56 /* PrincipleDetailViewController.swift */ = {isa = PBXFileReference; fileEncoding = 4; lastKnownFileType = sourcecode.swift; path = PrincipleDetailViewController.swift; sourceTree = "<group>"; };
		8460CFDC1E0BAC6B0067BC56 /* PostProjectViewController.swift */ = {isa = PBXFileReference; fileEncoding = 4; lastKnownFileType = sourcecode.swift; path = PostProjectViewController.swift; sourceTree = "<group>"; };
		8460CFE31E0BDE950067BC56 /* AgentPrincipleViewController.swift */ = {isa = PBXFileReference; fileEncoding = 4; lastKnownFileType = sourcecode.swift; path = AgentPrincipleViewController.swift; sourceTree = "<group>"; };
		848FEB371E07B25000945222 /* MentionRequest.swift */ = {isa = PBXFileReference; fileEncoding = 4; lastKnownFileType = sourcecode.swift; path = MentionRequest.swift; sourceTree = "<group>"; };
		84C0CDB41E03BE9500078FEA /* ChangePasswordViewController.swift */ = {isa = PBXFileReference; fileEncoding = 4; lastKnownFileType = sourcecode.swift; path = ChangePasswordViewController.swift; sourceTree = "<group>"; };
		84C0CDB91E03C9C900078FEA /* MKAnnotationView+WebCache.h */ = {isa = PBXFileReference; fileEncoding = 4; lastKnownFileType = sourcecode.c.h; path = "MKAnnotationView+WebCache.h"; sourceTree = "<group>"; };
		84C0CDBA1E03C9C900078FEA /* MKAnnotationView+WebCache.m */ = {isa = PBXFileReference; fileEncoding = 4; lastKnownFileType = sourcecode.c.objc; path = "MKAnnotationView+WebCache.m"; sourceTree = "<group>"; };
		84C0CDBB1E03C9C900078FEA /* NSData+ImageContentType.h */ = {isa = PBXFileReference; fileEncoding = 4; lastKnownFileType = sourcecode.c.h; path = "NSData+ImageContentType.h"; sourceTree = "<group>"; };
		84C0CDBC1E03C9C900078FEA /* NSData+ImageContentType.m */ = {isa = PBXFileReference; fileEncoding = 4; lastKnownFileType = sourcecode.c.objc; path = "NSData+ImageContentType.m"; sourceTree = "<group>"; };
		84C0CDBD1E03C9C900078FEA /* SDImageCache.h */ = {isa = PBXFileReference; fileEncoding = 4; lastKnownFileType = sourcecode.c.h; path = SDImageCache.h; sourceTree = "<group>"; };
		84C0CDBE1E03C9C900078FEA /* SDImageCache.m */ = {isa = PBXFileReference; fileEncoding = 4; lastKnownFileType = sourcecode.c.objc; path = SDImageCache.m; sourceTree = "<group>"; };
		84C0CDBF1E03C9C900078FEA /* SDWebImageCompat.h */ = {isa = PBXFileReference; fileEncoding = 4; lastKnownFileType = sourcecode.c.h; path = SDWebImageCompat.h; sourceTree = "<group>"; };
		84C0CDC01E03C9C900078FEA /* SDWebImageCompat.m */ = {isa = PBXFileReference; fileEncoding = 4; lastKnownFileType = sourcecode.c.objc; path = SDWebImageCompat.m; sourceTree = "<group>"; };
		84C0CDC11E03C9C900078FEA /* SDWebImageDecoder.h */ = {isa = PBXFileReference; fileEncoding = 4; lastKnownFileType = sourcecode.c.h; path = SDWebImageDecoder.h; sourceTree = "<group>"; };
		84C0CDC21E03C9C900078FEA /* SDWebImageDecoder.m */ = {isa = PBXFileReference; fileEncoding = 4; lastKnownFileType = sourcecode.c.objc; path = SDWebImageDecoder.m; sourceTree = "<group>"; };
		84C0CDC31E03C9C900078FEA /* SDWebImageDownloader.h */ = {isa = PBXFileReference; fileEncoding = 4; lastKnownFileType = sourcecode.c.h; path = SDWebImageDownloader.h; sourceTree = "<group>"; };
		84C0CDC41E03C9C900078FEA /* SDWebImageDownloader.m */ = {isa = PBXFileReference; fileEncoding = 4; lastKnownFileType = sourcecode.c.objc; path = SDWebImageDownloader.m; sourceTree = "<group>"; };
		84C0CDC51E03C9C900078FEA /* SDWebImageDownloaderOperation.h */ = {isa = PBXFileReference; fileEncoding = 4; lastKnownFileType = sourcecode.c.h; path = SDWebImageDownloaderOperation.h; sourceTree = "<group>"; };
		84C0CDC61E03C9C900078FEA /* SDWebImageDownloaderOperation.m */ = {isa = PBXFileReference; fileEncoding = 4; lastKnownFileType = sourcecode.c.objc; path = SDWebImageDownloaderOperation.m; sourceTree = "<group>"; };
		84C0CDC71E03C9C900078FEA /* SDWebImageManager.h */ = {isa = PBXFileReference; fileEncoding = 4; lastKnownFileType = sourcecode.c.h; path = SDWebImageManager.h; sourceTree = "<group>"; };
		84C0CDC81E03C9C900078FEA /* SDWebImageManager.m */ = {isa = PBXFileReference; fileEncoding = 4; lastKnownFileType = sourcecode.c.objc; path = SDWebImageManager.m; sourceTree = "<group>"; };
		84C0CDC91E03C9C900078FEA /* SDWebImageOperation.h */ = {isa = PBXFileReference; fileEncoding = 4; lastKnownFileType = sourcecode.c.h; path = SDWebImageOperation.h; sourceTree = "<group>"; };
		84C0CDCA1E03C9C900078FEA /* SDWebImagePrefetcher.h */ = {isa = PBXFileReference; fileEncoding = 4; lastKnownFileType = sourcecode.c.h; path = SDWebImagePrefetcher.h; sourceTree = "<group>"; };
		84C0CDCB1E03C9C900078FEA /* SDWebImagePrefetcher.m */ = {isa = PBXFileReference; fileEncoding = 4; lastKnownFileType = sourcecode.c.objc; path = SDWebImagePrefetcher.m; sourceTree = "<group>"; };
		84C0CDCC1E03C9C900078FEA /* UIButton+WebCache.h */ = {isa = PBXFileReference; fileEncoding = 4; lastKnownFileType = sourcecode.c.h; path = "UIButton+WebCache.h"; sourceTree = "<group>"; };
		84C0CDCD1E03C9C900078FEA /* UIButton+WebCache.m */ = {isa = PBXFileReference; fileEncoding = 4; lastKnownFileType = sourcecode.c.objc; path = "UIButton+WebCache.m"; sourceTree = "<group>"; };
		84C0CDCE1E03C9C900078FEA /* UIImage+GIF.h */ = {isa = PBXFileReference; fileEncoding = 4; lastKnownFileType = sourcecode.c.h; path = "UIImage+GIF.h"; sourceTree = "<group>"; };
		84C0CDCF1E03C9C900078FEA /* UIImage+GIF.m */ = {isa = PBXFileReference; fileEncoding = 4; lastKnownFileType = sourcecode.c.objc; path = "UIImage+GIF.m"; sourceTree = "<group>"; };
		84C0CDD01E03C9C900078FEA /* UIImage+MultiFormat.h */ = {isa = PBXFileReference; fileEncoding = 4; lastKnownFileType = sourcecode.c.h; path = "UIImage+MultiFormat.h"; sourceTree = "<group>"; };
		84C0CDD11E03C9C900078FEA /* UIImage+MultiFormat.m */ = {isa = PBXFileReference; fileEncoding = 4; lastKnownFileType = sourcecode.c.objc; path = "UIImage+MultiFormat.m"; sourceTree = "<group>"; };
		84C0CDD21E03C9C900078FEA /* UIImage+WebP.h */ = {isa = PBXFileReference; fileEncoding = 4; lastKnownFileType = sourcecode.c.h; path = "UIImage+WebP.h"; sourceTree = "<group>"; };
		84C0CDD31E03C9C900078FEA /* UIImage+WebP.m */ = {isa = PBXFileReference; fileEncoding = 4; lastKnownFileType = sourcecode.c.objc; path = "UIImage+WebP.m"; sourceTree = "<group>"; };
		84C0CDD41E03C9C900078FEA /* UIImageView+HighlightedWebCache.h */ = {isa = PBXFileReference; fileEncoding = 4; lastKnownFileType = sourcecode.c.h; path = "UIImageView+HighlightedWebCache.h"; sourceTree = "<group>"; };
		84C0CDD51E03C9C900078FEA /* UIImageView+HighlightedWebCache.m */ = {isa = PBXFileReference; fileEncoding = 4; lastKnownFileType = sourcecode.c.objc; path = "UIImageView+HighlightedWebCache.m"; sourceTree = "<group>"; };
		84C0CDD61E03C9C900078FEA /* UIImageView+WebCache.h */ = {isa = PBXFileReference; fileEncoding = 4; lastKnownFileType = sourcecode.c.h; path = "UIImageView+WebCache.h"; sourceTree = "<group>"; };
		84C0CDD71E03C9C900078FEA /* UIImageView+WebCache.m */ = {isa = PBXFileReference; fileEncoding = 4; lastKnownFileType = sourcecode.c.objc; path = "UIImageView+WebCache.m"; sourceTree = "<group>"; };
		84C0CDD81E03C9C900078FEA /* UIView+WebCacheOperation.h */ = {isa = PBXFileReference; fileEncoding = 4; lastKnownFileType = sourcecode.c.h; path = "UIView+WebCacheOperation.h"; sourceTree = "<group>"; };
		84C0CDD91E03C9C900078FEA /* UIView+WebCacheOperation.m */ = {isa = PBXFileReference; fileEncoding = 4; lastKnownFileType = sourcecode.c.objc; path = "UIView+WebCacheOperation.m"; sourceTree = "<group>"; };
		84CE97C41E0A765E00A6BFAA /* DataSchedule.swift */ = {isa = PBXFileReference; fileEncoding = 4; lastKnownFileType = sourcecode.swift; path = DataSchedule.swift; sourceTree = "<group>"; };
		84CE97C71E0A875000A6BFAA /* SBPickerSelector.h */ = {isa = PBXFileReference; fileEncoding = 4; lastKnownFileType = sourcecode.c.h; path = SBPickerSelector.h; sourceTree = "<group>"; };
		84CE97C81E0A875000A6BFAA /* SBPickerSelector.m */ = {isa = PBXFileReference; fileEncoding = 4; lastKnownFileType = sourcecode.c.objc; path = SBPickerSelector.m; sourceTree = "<group>"; };
		84CE97C91E0A875000A6BFAA /* SBPickerSelector.xib */ = {isa = PBXFileReference; fileEncoding = 4; lastKnownFileType = file.xib; path = SBPickerSelector.xib; sourceTree = "<group>"; };
		84E33C831E08E03E00501291 /* MentionDetailViewController.swift */ = {isa = PBXFileReference; fileEncoding = 4; lastKnownFileType = sourcecode.swift; path = MentionDetailViewController.swift; sourceTree = "<group>"; };
/* End PBXFileReference section */

/* Begin PBXFrameworksBuildPhase section */
		18F0242B1DE4144E005FC57F /* Frameworks */ = {
			isa = PBXFrameworksBuildPhase;
			buildActionMask = 2147483647;
			files = (
			);
			runOnlyForDeploymentPostprocessing = 0;
		};
/* End PBXFrameworksBuildPhase section */

/* Begin PBXGroup section */
		180147A01E0A6E6C00C99D16 /* JSQMessagesViewController */ = {
			isa = PBXGroup;
			children = (
				180147A11E0A6E6D00C99D16 /* Assets */,
				180147A31E0A6E6D00C99D16 /* Categories */,
				180147B21E0A6E6D00C99D16 /* Controllers */,
				180147B81E0A6E6D00C99D16 /* Factories */,
				180147C31E0A6E6D00C99D16 /* JSQMessages.h */,
				180147C41E0A6E6D00C99D16 /* JSQSystemSoundPlayer.h */,
				180147C51E0A6E6D00C99D16 /* JSQSystemSoundPlayer.m */,
				180147C61E0A6E6D00C99D16 /* Layout */,
				180147D01E0A6E6D00C99D16 /* MessageViewController.h */,
				180147D11E0A6E6D00C99D16 /* MessageViewController.m */,
				180147D21E0A6E6D00C99D16 /* Model */,
				180147E71E0A6E6D00C99D16 /* PhotoMediaItem.h */,
				180147E81E0A6E6D00C99D16 /* PhotoMediaItem.m */,
				180147E91E0A6E6D00C99D16 /* Views */,
			);
			path = JSQMessagesViewController;
			sourceTree = "<group>";
		};
		180147A11E0A6E6D00C99D16 /* Assets */ = {
			isa = PBXGroup;
			children = (
				180147A21E0A6E6D00C99D16 /* JSQMessagesAssets.bundle */,
			);
			path = Assets;
			sourceTree = "<group>";
		};
		180147A31E0A6E6D00C99D16 /* Categories */ = {
			isa = PBXGroup;
			children = (
				180147A41E0A6E6D00C99D16 /* JSQSystemSoundPlayer+JSQMessages.h */,
				180147A51E0A6E6D00C99D16 /* JSQSystemSoundPlayer+JSQMessages.m */,
				180147A61E0A6E6D00C99D16 /* NSBundle+JSQMessages.h */,
				180147A71E0A6E6D00C99D16 /* NSBundle+JSQMessages.m */,
				180147A81E0A6E6D00C99D16 /* NSString+JSQMessages.h */,
				180147A91E0A6E6D00C99D16 /* NSString+JSQMessages.m */,
				180147AA1E0A6E6D00C99D16 /* UIColor+JSQMessages.h */,
				180147AB1E0A6E6D00C99D16 /* UIColor+JSQMessages.m */,
				180147AC1E0A6E6D00C99D16 /* UIDevice+JSQMessages.h */,
				180147AD1E0A6E6D00C99D16 /* UIDevice+JSQMessages.m */,
				180147AE1E0A6E6D00C99D16 /* UIImage+JSQMessages.h */,
				180147AF1E0A6E6D00C99D16 /* UIImage+JSQMessages.m */,
				180147B01E0A6E6D00C99D16 /* UIView+JSQMessages.h */,
				180147B11E0A6E6D00C99D16 /* UIView+JSQMessages.m */,
			);
			path = Categories;
			sourceTree = "<group>";
		};
		180147B21E0A6E6D00C99D16 /* Controllers */ = {
			isa = PBXGroup;
			children = (
				180147B31E0A6E6D00C99D16 /* JSQMessagesKeyboardController.h */,
				180147B41E0A6E6D00C99D16 /* JSQMessagesKeyboardController.m */,
				180147B51E0A6E6D00C99D16 /* JSQMessagesViewController.h */,
				180147B61E0A6E6D00C99D16 /* JSQMessagesViewController.m */,
				180147B71E0A6E6D00C99D16 /* JSQMessagesViewController.xib */,
			);
			path = Controllers;
			sourceTree = "<group>";
		};
		180147B81E0A6E6D00C99D16 /* Factories */ = {
			isa = PBXGroup;
			children = (
				180147B91E0A6E6D00C99D16 /* JSQMessagesAvatarImageFactory.h */,
				180147BA1E0A6E6D00C99D16 /* JSQMessagesAvatarImageFactory.m */,
				180147BB1E0A6E6D00C99D16 /* JSQMessagesBubbleImageFactory.h */,
				180147BC1E0A6E6D00C99D16 /* JSQMessagesBubbleImageFactory.m */,
				180147BD1E0A6E6D00C99D16 /* JSQMessagesMediaViewBubbleImageMasker.h */,
				180147BE1E0A6E6D00C99D16 /* JSQMessagesMediaViewBubbleImageMasker.m */,
				180147BF1E0A6E6D00C99D16 /* JSQMessagesTimestampFormatter.h */,
				180147C01E0A6E6D00C99D16 /* JSQMessagesTimestampFormatter.m */,
				180147C11E0A6E6D00C99D16 /* JSQMessagesToolbarButtonFactory.h */,
				180147C21E0A6E6D00C99D16 /* JSQMessagesToolbarButtonFactory.m */,
			);
			path = Factories;
			sourceTree = "<group>";
		};
		180147C61E0A6E6D00C99D16 /* Layout */ = {
			isa = PBXGroup;
			children = (
				180147C71E0A6E6D00C99D16 /* JSQMessagesBubbleSizeCalculating.h */,
				180147C81E0A6E6D00C99D16 /* JSQMessagesBubblesSizeCalculator.h */,
				180147C91E0A6E6D00C99D16 /* JSQMessagesBubblesSizeCalculator.m */,
				180147CA1E0A6E6D00C99D16 /* JSQMessagesCollectionViewFlowLayout.h */,
				180147CB1E0A6E6D00C99D16 /* JSQMessagesCollectionViewFlowLayout.m */,
				180147CC1E0A6E6D00C99D16 /* JSQMessagesCollectionViewFlowLayoutInvalidationContext.h */,
				180147CD1E0A6E6D00C99D16 /* JSQMessagesCollectionViewFlowLayoutInvalidationContext.m */,
				180147CE1E0A6E6D00C99D16 /* JSQMessagesCollectionViewLayoutAttributes.h */,
				180147CF1E0A6E6D00C99D16 /* JSQMessagesCollectionViewLayoutAttributes.m */,
			);
			path = Layout;
			sourceTree = "<group>";
		};
		180147D21E0A6E6D00C99D16 /* Model */ = {
			isa = PBXGroup;
			children = (
				180147D31E0A6E6D00C99D16 /* JSQLocationMediaItem.h */,
				180147D41E0A6E6D00C99D16 /* JSQLocationMediaItem.m */,
				180147D51E0A6E6D00C99D16 /* JSQMediaItem.h */,
				180147D61E0A6E6D00C99D16 /* JSQMediaItem.m */,
				180147D71E0A6E6D00C99D16 /* JSQMessage.h */,
				180147D81E0A6E6D00C99D16 /* JSQMessage.m */,
				180147D91E0A6E6D00C99D16 /* JSQMessageAvatarImageDataSource.h */,
				180147DA1E0A6E6D00C99D16 /* JSQMessageBubbleImageDataSource.h */,
				180147DB1E0A6E6D00C99D16 /* JSQMessageData.h */,
				180147DC1E0A6E6D00C99D16 /* JSQMessageMediaData.h */,
				180147DD1E0A6E6D00C99D16 /* JSQMessagesAvatarImage.h */,
				180147DE1E0A6E6D00C99D16 /* JSQMessagesAvatarImage.m */,
				180147DF1E0A6E6D00C99D16 /* JSQMessagesBubbleImage.h */,
				180147E01E0A6E6D00C99D16 /* JSQMessagesBubbleImage.m */,
				180147E11E0A6E6D00C99D16 /* JSQMessagesCollectionViewDataSource.h */,
				180147E21E0A6E6D00C99D16 /* JSQMessagesCollectionViewDelegateFlowLayout.h */,
				180147E31E0A6E6D00C99D16 /* JSQPhotoMediaItem.h */,
				180147E41E0A6E6D00C99D16 /* JSQPhotoMediaItem.m */,
				180147E51E0A6E6D00C99D16 /* JSQVideoMediaItem.h */,
				180147E61E0A6E6D00C99D16 /* JSQVideoMediaItem.m */,
			);
			path = Model;
			sourceTree = "<group>";
		};
		180147E91E0A6E6D00C99D16 /* Views */ = {
			isa = PBXGroup;
			children = (
				180147EA1E0A6E6D00C99D16 /* JSQMessagesCellTextView.h */,
				180147EB1E0A6E6D00C99D16 /* JSQMessagesCellTextView.m */,
				180147EC1E0A6E6D00C99D16 /* JSQMessagesCollectionView.h */,
				180147ED1E0A6E6D00C99D16 /* JSQMessagesCollectionView.m */,
				180147EE1E0A6E6D00C99D16 /* JSQMessagesCollectionViewCell.h */,
				180147EF1E0A6E6D00C99D16 /* JSQMessagesCollectionViewCell.m */,
				180147F01E0A6E6D00C99D16 /* JSQMessagesCollectionViewCellIncoming.h */,
				180147F11E0A6E6D00C99D16 /* JSQMessagesCollectionViewCellIncoming.m */,
				180147F21E0A6E6D00C99D16 /* JSQMessagesCollectionViewCellIncoming.xib */,
				180147F31E0A6E6D00C99D16 /* JSQMessagesCollectionViewCellOutgoing.h */,
				180147F41E0A6E6D00C99D16 /* JSQMessagesCollectionViewCellOutgoing.m */,
				180147F51E0A6E6D00C99D16 /* JSQMessagesCollectionViewCellOutgoing.xib */,
				180147F61E0A6E6D00C99D16 /* JSQMessagesComposerTextView.h */,
				180147F71E0A6E6D00C99D16 /* JSQMessagesComposerTextView.m */,
				180147F81E0A6E6D00C99D16 /* JSQMessagesInputToolbar.h */,
				180147F91E0A6E6D00C99D16 /* JSQMessagesInputToolbar.m */,
				180147FA1E0A6E6D00C99D16 /* JSQMessagesLabel.h */,
				180147FB1E0A6E6D00C99D16 /* JSQMessagesLabel.m */,
				180147FC1E0A6E6D00C99D16 /* JSQMessagesLoadEarlierHeaderView.h */,
				180147FD1E0A6E6D00C99D16 /* JSQMessagesLoadEarlierHeaderView.m */,
				180147FE1E0A6E6D00C99D16 /* JSQMessagesLoadEarlierHeaderView.xib */,
				180147FF1E0A6E6D00C99D16 /* JSQMessagesMediaPlaceholderView.h */,
				180148001E0A6E6D00C99D16 /* JSQMessagesMediaPlaceholderView.m */,
				180148011E0A6E6D00C99D16 /* JSQMessagesToolbarContentView.h */,
				180148021E0A6E6D00C99D16 /* JSQMessagesToolbarContentView.m */,
				180148031E0A6E6D00C99D16 /* JSQMessagesToolbarContentView.xib */,
				180148041E0A6E6D00C99D16 /* JSQMessagesTypingIndicatorFooterView.h */,
				180148051E0A6E6D00C99D16 /* JSQMessagesTypingIndicatorFooterView.m */,
				180148061E0A6E6D00C99D16 /* JSQMessagesTypingIndicatorFooterView.xib */,
			);
			path = Views;
			sourceTree = "<group>";
		};
		1846AD8F1E0A72520051FB47 /* SLPopupViewController */ = {
			isa = PBXGroup;
			children = (
				1846AD901E0A72520051FB47 /* UIVViewController-SLPopup.swift */,
			);
			path = SLPopupViewController;
			sourceTree = "<group>";
		};
		187010211E0E4C1B008ED2FA /* Rechability */ = {
			isa = PBXGroup;
			children = (
				187010221E0E4C1B008ED2FA /* Reachability.h */,
				187010231E0E4C1B008ED2FA /* Reachability.m */,
			);
			path = Rechability;
			sourceTree = "<group>";
		};
		189520011DE6F38400017A0F /* TPKeyBoard */ = {
			isa = PBXGroup;
			children = (
				189520091DE6FD9A00017A0F /* TPKeyboardAvoidingScrollView.h */,
				1895200A1DE6FD9A00017A0F /* TPKeyboardAvoidingScrollView.m */,
				1895200B1DE6FD9A00017A0F /* UIScrollView+TPKeyboardAvoidingAdditions.h */,
				1895200C1DE6FD9A00017A0F /* UIScrollView+TPKeyboardAvoidingAdditions.m */,
				189520081DE6FD9900017A0F /* AirAgentLawyer-Bridging-Header.h */,
			);
			path = TPKeyBoard;
			sourceTree = "<group>";
		};
		18F024251DE4144D005FC57F = {
			isa = PBXGroup;
			children = (
				18F024301DE4144E005FC57F /* AirAgentLawyer */,
				18F0242F1DE4144E005FC57F /* Products */,
			);
			sourceTree = "<group>";
		};
		18F0242F1DE4144E005FC57F /* Products */ = {
			isa = PBXGroup;
			children = (
				18F0242E1DE4144E005FC57F /* AirAgentLawyer.app */,
			);
			name = Products;
			sourceTree = "<group>";
		};
		18F024301DE4144E005FC57F /* AirAgentLawyer */ = {
			isa = PBXGroup;
			children = (
				18F024471DE4164F005FC57F /* Library */,
				18F024461DE4164F005FC57F /* CommonClass */,
				848FEB361E07B20A00945222 /* Modal */,
				84C0CDB61E03BEA300078FEA /* View */,
				18F024481DE4164F005FC57F /* Controller */,
				18F024311DE4144E005FC57F /* AppDelegate.swift */,
				18F024351DE4144E005FC57F /* Main.storyboard */,
				18F0243B1DE4144E005FC57F /* Assets.xcassets */,
				18ADC9BE1DE5A23200A005E6 /* Images.xcassets */,
				18F0243D1DE4144E005FC57F /* LaunchScreen.storyboard */,
				18F024401DE4144E005FC57F /* Info.plist */,
				18F024381DE4144E005FC57F /* AirAgentLawyer.xcdatamodeld */,
			);
			path = AirAgentLawyer;
			sourceTree = "<group>";
		};
		18F024461DE4164F005FC57F /* CommonClass */ = {
			isa = PBXGroup;
			children = (
				18F0244F1DE41738005FC57F /* Constant.swift */,
				18F0244B1DE416B5005FC57F /* GlobalClass.swift */,
				18162D951E0A959800D9DAE2 /* CommonClass.h */,
				18162D961E0A959800D9DAE2 /* CommonClass.m */,
			);
			path = CommonClass;
			sourceTree = "<group>";
		};
		18F024471DE4164F005FC57F /* Library */ = {
			isa = PBXGroup;
			children = (
				187010211E0E4C1B008ED2FA /* Rechability */,
				18F014F71E0BB0F700A5D9B9 /* NSBundle+Language.h */,
				18F014F81E0BB0F700A5D9B9 /* NSBundle+Language.m */,
				1846AD8F1E0A72520051FB47 /* SLPopupViewController */,
				84CE97C61E0A872100A6BFAA /* SBPicker */,
				180147A01E0A6E6C00C99D16 /* JSQMessagesViewController */,
				84C0CDB81E03C9AD00078FEA /* SDWebImages */,
				2BF0B4A61DE9595E00512899 /* RSDFlowLayout */,
				189520011DE6F38400017A0F /* TPKeyBoard */,
				18F0244D1DE416DB005FC57F /* SwiftLoader.swift */,
			);
			path = Library;
			sourceTree = "<group>";
		};
		18F024481DE4164F005FC57F /* Controller */ = {
			isa = PBXGroup;
			children = (
				18951FF71DE6E5F400017A0F /* BaseViewController.swift */,
				18951FF81DE6E5F400017A0F /* SideMenu.swift */,
				18951FFF1DE6ECA900017A0F /* SignupViewController.swift */,
				18F024491DE41681005FC57F /* LoginViewController.swift */,
				18951FEB1DE6BB4200017A0F /* HomeViewController.swift */,
				18951FED1DE6BE8100017A0F /* DetailViewController.swift */,
				2BF0B4A41DE9583A00512899 /* ProfileViewController.swift */,
				2BF0B4C21DE95B3E00512899 /* AddScheduleViewController.swift */,
				2BF0B4C51DE95D3000512899 /* MyScheduleViewController.swift */,
				84C0CDB41E03BE9500078FEA /* ChangePasswordViewController.swift */,
				84E33C831E08E03E00501291 /* MentionDetailViewController.swift */,
				1846AD8D1E0A71AD0051FB47 /* PopupViewController.swift */,
				18162D931E0A91E000D9DAE2 /* ChatListViewController.swift */,
				8460CFDA1E0B9C610067BC56 /* PrincipleDetailViewController.swift */,
				8460CFDC1E0BAC6B0067BC56 /* PostProjectViewController.swift */,
				8460CFE31E0BDE950067BC56 /* AgentPrincipleViewController.swift */,
			);
			name = Controller;
			path = ViewControllers;
			sourceTree = "<group>";
		};
		2BF0B4A61DE9595E00512899 /* RSDFlowLayout */ = {
			isa = PBXGroup;
			children = (
				2BF0B4A71DE959B700512899 /* NSCalendar+RSDFAdditions.h */,
				2BF0B4A81DE959B700512899 /* NSCalendar+RSDFAdditions.m */,
				2BF0B4A91DE959B700512899 /* RSDayFlow.h */,
				2BF0B4AA1DE959B700512899 /* RSDFDatePickerCollectionView.h */,
				2BF0B4AB1DE959B700512899 /* RSDFDatePickerCollectionView.m */,
				2BF0B4AC1DE959B700512899 /* RSDFDatePickerCollectionViewLayout.h */,
				2BF0B4AD1DE959B700512899 /* RSDFDatePickerCollectionViewLayout.m */,
				2BF0B4AE1DE959B700512899 /* RSDFDatePickerDate.h */,
				2BF0B4AF1DE959B700512899 /* RSDFDatePickerDayCell.h */,
				2BF0B4B01DE959B700512899 /* RSDFDatePickerDayCell.m */,
				2BF0B4B11DE959B700512899 /* RSDFDatePickerDaysOfWeekView.h */,
				2BF0B4B21DE959B700512899 /* RSDFDatePickerDaysOfWeekView.m */,
				2BF0B4B31DE959B700512899 /* RSDFDatePickerMonthHeader.h */,
				2BF0B4B41DE959B700512899 /* RSDFDatePickerMonthHeader.m */,
				2BF0B4B51DE959B700512899 /* RSDFDatePickerView.h */,
				2BF0B4B61DE959B700512899 /* RSDFDatePickerView.m */,
				2BF0B4B71DE959B700512899 /* RSDFDatePickerView+Protected.h */,
			);
			name = RSDFlowLayout;
			sourceTree = "<group>";
		};
		848FEB361E07B20A00945222 /* Modal */ = {
			isa = PBXGroup;
			children = (
				848FEB371E07B25000945222 /* MentionRequest.swift */,
				84CE97C41E0A765E00A6BFAA /* DataSchedule.swift */,
				8460CFD81E0B91FE0067BC56 /* PostProjectRequest.swift */,
			);
			name = Modal;
			sourceTree = "<group>";
		};
		84C0CDB61E03BEA300078FEA /* View */ = {
			isa = PBXGroup;
			children = (
				18951FFB1DE6E6B800017A0F /* SideMenu.xib */,
				18951FFC1DE6E6B800017A0F /* MenuCell.xib */,
			);
			name = View;
			sourceTree = "<group>";
		};
		84C0CDB81E03C9AD00078FEA /* SDWebImages */ = {
			isa = PBXGroup;
			children = (
				84C0CDB91E03C9C900078FEA /* MKAnnotationView+WebCache.h */,
				84C0CDBA1E03C9C900078FEA /* MKAnnotationView+WebCache.m */,
				84C0CDBB1E03C9C900078FEA /* NSData+ImageContentType.h */,
				84C0CDBC1E03C9C900078FEA /* NSData+ImageContentType.m */,
				84C0CDBD1E03C9C900078FEA /* SDImageCache.h */,
				84C0CDBE1E03C9C900078FEA /* SDImageCache.m */,
				84C0CDBF1E03C9C900078FEA /* SDWebImageCompat.h */,
				84C0CDC01E03C9C900078FEA /* SDWebImageCompat.m */,
				84C0CDC11E03C9C900078FEA /* SDWebImageDecoder.h */,
				84C0CDC21E03C9C900078FEA /* SDWebImageDecoder.m */,
				84C0CDC31E03C9C900078FEA /* SDWebImageDownloader.h */,
				84C0CDC41E03C9C900078FEA /* SDWebImageDownloader.m */,
				84C0CDC51E03C9C900078FEA /* SDWebImageDownloaderOperation.h */,
				84C0CDC61E03C9C900078FEA /* SDWebImageDownloaderOperation.m */,
				84C0CDC71E03C9C900078FEA /* SDWebImageManager.h */,
				84C0CDC81E03C9C900078FEA /* SDWebImageManager.m */,
				84C0CDC91E03C9C900078FEA /* SDWebImageOperation.h */,
				84C0CDCA1E03C9C900078FEA /* SDWebImagePrefetcher.h */,
				84C0CDCB1E03C9C900078FEA /* SDWebImagePrefetcher.m */,
				84C0CDCC1E03C9C900078FEA /* UIButton+WebCache.h */,
				84C0CDCD1E03C9C900078FEA /* UIButton+WebCache.m */,
				84C0CDCE1E03C9C900078FEA /* UIImage+GIF.h */,
				84C0CDCF1E03C9C900078FEA /* UIImage+GIF.m */,
				84C0CDD01E03C9C900078FEA /* UIImage+MultiFormat.h */,
				84C0CDD11E03C9C900078FEA /* UIImage+MultiFormat.m */,
				84C0CDD21E03C9C900078FEA /* UIImage+WebP.h */,
				84C0CDD31E03C9C900078FEA /* UIImage+WebP.m */,
				84C0CDD41E03C9C900078FEA /* UIImageView+HighlightedWebCache.h */,
				84C0CDD51E03C9C900078FEA /* UIImageView+HighlightedWebCache.m */,
				84C0CDD61E03C9C900078FEA /* UIImageView+WebCache.h */,
				84C0CDD71E03C9C900078FEA /* UIImageView+WebCache.m */,
				84C0CDD81E03C9C900078FEA /* UIView+WebCacheOperation.h */,
				84C0CDD91E03C9C900078FEA /* UIView+WebCacheOperation.m */,
			);
			name = SDWebImages;
			sourceTree = "<group>";
		};
		84CE97C61E0A872100A6BFAA /* SBPicker */ = {
			isa = PBXGroup;
			children = (
				84CE97C71E0A875000A6BFAA /* SBPickerSelector.h */,
				84CE97C81E0A875000A6BFAA /* SBPickerSelector.m */,
				84CE97C91E0A875000A6BFAA /* SBPickerSelector.xib */,
			);
			name = SBPicker;
			sourceTree = "<group>";
		};
/* End PBXGroup section */

/* Begin PBXNativeTarget section */
		18F0242D1DE4144E005FC57F /* AirAgentLawyer */ = {
			isa = PBXNativeTarget;
			buildConfigurationList = 18F024431DE4144E005FC57F /* Build configuration list for PBXNativeTarget "AirAgentLawyer" */;
			buildPhases = (
				18F0242A1DE4144E005FC57F /* Sources */,
				18F0242B1DE4144E005FC57F /* Frameworks */,
				18F0242C1DE4144E005FC57F /* Resources */,
			);
			buildRules = (
			);
			dependencies = (
			);
			name = AirAgentLawyer;
			productName = AirAgentLawyer;
			productReference = 18F0242E1DE4144E005FC57F /* AirAgentLawyer.app */;
			productType = "com.apple.product-type.application";
		};
/* End PBXNativeTarget section */

/* Begin PBXProject section */
		18F024261DE4144D005FC57F /* Project object */ = {
			isa = PBXProject;
			attributes = {
				LastSwiftUpdateCheck = 0810;
				LastUpgradeCheck = 0810;
				ORGANIZATIONNAME = cears;
				TargetAttributes = {
					18F0242D1DE4144E005FC57F = {
						CreatedOnToolsVersion = 8.1;
						DevelopmentTeam = 9HANAXMRQ4;
						LastSwiftMigration = 0810;
						ProvisioningStyle = Automatic;
					};
				};
			};
			buildConfigurationList = 18F024291DE4144D005FC57F /* Build configuration list for PBXProject "AirAgentLawyer" */;
			compatibilityVersion = "Xcode 3.2";
			developmentRegion = English;
			hasScannedForEncodings = 0;
			knownRegions = (
				en,
				Base,
			);
			mainGroup = 18F024251DE4144D005FC57F;
			productRefGroup = 18F0242F1DE4144E005FC57F /* Products */;
			projectDirPath = "";
			projectRoot = "";
			targets = (
				18F0242D1DE4144E005FC57F /* AirAgentLawyer */,
			);
		};
/* End PBXProject section */

/* Begin PBXResourcesBuildPhase section */
		18F0242C1DE4144E005FC57F /* Resources */ = {
			isa = PBXResourcesBuildPhase;
			buildActionMask = 2147483647;
			files = (
				18F0243F1DE4144E005FC57F /* LaunchScreen.storyboard in Resources */,
				180148071E0A6E6D00C99D16 /* JSQMessagesAssets.bundle in Resources */,
				18ADC9BF1DE5A23200A005E6 /* Images.xcassets in Resources */,
				84CE97CB1E0A875000A6BFAA /* SBPickerSelector.xib in Resources */,
				180148351E0A6E6D00C99D16 /* JSQMessagesTypingIndicatorFooterView.xib in Resources */,
				180148111E0A6E6D00C99D16 /* JSQMessagesViewController.xib in Resources */,
				18F0243C1DE4144E005FC57F /* Assets.xcassets in Resources */,
				180148301E0A6E6D00C99D16 /* JSQMessagesLoadEarlierHeaderView.xib in Resources */,
				18F024371DE4144E005FC57F /* Main.storyboard in Resources */,
				18951FFD1DE6E6B800017A0F /* SideMenu.xib in Resources */,
				18951FFE1DE6E6B800017A0F /* MenuCell.xib in Resources */,
				180148291E0A6E6D00C99D16 /* JSQMessagesCollectionViewCellIncoming.xib in Resources */,
				1801482B1E0A6E6D00C99D16 /* JSQMessagesCollectionViewCellOutgoing.xib in Resources */,
				180148331E0A6E6D00C99D16 /* JSQMessagesToolbarContentView.xib in Resources */,
			);
			runOnlyForDeploymentPostprocessing = 0;
		};
/* End PBXResourcesBuildPhase section */

/* Begin PBXSourcesBuildPhase section */
		18F0242A1DE4144E005FC57F /* Sources */ = {
			isa = PBXSourcesBuildPhase;
			buildActionMask = 2147483647;
			files = (
				2BF0B4BD1DE959B700512899 /* RSDFDatePickerMonthHeader.m in Sources */,
				84C0CDE31E03C9C900078FEA /* UIButton+WebCache.m in Sources */,
				1801481F1E0A6E6D00C99D16 /* JSQMessage.m in Sources */,
				180148261E0A6E6D00C99D16 /* JSQMessagesCollectionView.m in Sources */,
				84C0CDE11E03C9C900078FEA /* SDWebImageManager.m in Sources */,
				180148341E0A6E6D00C99D16 /* JSQMessagesTypingIndicatorFooterView.m in Sources */,
				2BF0B4BA1DE959B700512899 /* RSDFDatePickerCollectionViewLayout.m in Sources */,
				18951FFA1DE6E5F400017A0F /* SideMenu.swift in Sources */,
				180148231E0A6E6D00C99D16 /* JSQVideoMediaItem.m in Sources */,
				2BF0B4BC1DE959B700512899 /* RSDFDatePickerDaysOfWeekView.m in Sources */,
				1801481E1E0A6E6D00C99D16 /* JSQMediaItem.m in Sources */,
				1801482C1E0A6E6D00C99D16 /* JSQMessagesComposerTextView.m in Sources */,
				84C0CDDF1E03C9C900078FEA /* SDWebImageDownloader.m in Sources */,
				18F0244A1DE41681005FC57F /* LoginViewController.swift in Sources */,
				180148251E0A6E6D00C99D16 /* JSQMessagesCellTextView.m in Sources */,
				84C0CDDD1E03C9C900078FEA /* SDWebImageCompat.m in Sources */,
				1801481D1E0A6E6D00C99D16 /* JSQLocationMediaItem.m in Sources */,
				8460CFE41E0BDE950067BC56 /* AgentPrincipleViewController.swift in Sources */,
				189520001DE6ECA900017A0F /* SignupViewController.swift in Sources */,
				180148211E0A6E6D00C99D16 /* JSQMessagesBubbleImage.m in Sources */,
				2BF0B4B81DE959B700512899 /* NSCalendar+RSDFAdditions.m in Sources */,
				180148161E0A6E6D00C99D16 /* JSQMessagesToolbarButtonFactory.m in Sources */,
				1895200E1DE6FD9A00017A0F /* UIScrollView+TPKeyboardAvoidingAdditions.m in Sources */,
				8460CFDD1E0BAC6B0067BC56 /* PostProjectViewController.swift in Sources */,
				84C0CDE91E03C9C900078FEA /* UIView+WebCacheOperation.m in Sources */,
				1846AD8E1E0A71AD0051FB47 /* PopupViewController.swift in Sources */,
				180148091E0A6E6D00C99D16 /* NSBundle+JSQMessages.m in Sources */,
				2BF0B4BE1DE959B700512899 /* RSDFDatePickerView.m in Sources */,
				84C0CDB51E03BE9500078FEA /* ChangePasswordViewController.swift in Sources */,
				180148221E0A6E6D00C99D16 /* JSQPhotoMediaItem.m in Sources */,
				84C0CDE81E03C9C900078FEA /* UIImageView+WebCache.m in Sources */,
				18162D941E0A91E000D9DAE2 /* ChatListViewController.swift in Sources */,
				84C0CDE61E03C9C900078FEA /* UIImage+WebP.m in Sources */,
				1801480D1E0A6E6D00C99D16 /* UIImage+JSQMessages.m in Sources */,
				180148141E0A6E6D00C99D16 /* JSQMessagesMediaViewBubbleImageMasker.m in Sources */,
				180148181E0A6E6D00C99D16 /* JSQMessagesBubblesSizeCalculator.m in Sources */,
				180148321E0A6E6D00C99D16 /* JSQMessagesToolbarContentView.m in Sources */,
				180148101E0A6E6D00C99D16 /* JSQMessagesViewController.m in Sources */,
				84C0CDDC1E03C9C900078FEA /* SDImageCache.m in Sources */,
				1801480C1E0A6E6D00C99D16 /* UIDevice+JSQMessages.m in Sources */,
				2BF0B4C31DE95B3E00512899 /* AddScheduleViewController.swift in Sources */,
				18162D971E0A959800D9DAE2 /* CommonClass.m in Sources */,
				1801482D1E0A6E6D00C99D16 /* JSQMessagesInputToolbar.m in Sources */,
				84C0CDE51E03C9C900078FEA /* UIImage+MultiFormat.m in Sources */,
				84C0CDE01E03C9C900078FEA /* SDWebImageDownloaderOperation.m in Sources */,
				180148241E0A6E6D00C99D16 /* PhotoMediaItem.m in Sources */,
				2BF0B4A51DE9583A00512899 /* ProfileViewController.swift in Sources */,
				1801481B1E0A6E6D00C99D16 /* JSQMessagesCollectionViewLayoutAttributes.m in Sources */,
				84C0CDE71E03C9C900078FEA /* UIImageView+HighlightedWebCache.m in Sources */,
				2BF0B4BB1DE959B700512899 /* RSDFDatePickerDayCell.m in Sources */,
				180148281E0A6E6D00C99D16 /* JSQMessagesCollectionViewCellIncoming.m in Sources */,
				8460CFD91E0B91FE0067BC56 /* PostProjectRequest.swift in Sources */,
				18F0243A1DE4144E005FC57F /* AirAgentLawyer.xcdatamodeld in Sources */,
				18F024321DE4144E005FC57F /* AppDelegate.swift in Sources */,
				1801481A1E0A6E6D00C99D16 /* JSQMessagesCollectionViewFlowLayoutInvalidationContext.m in Sources */,
				2BF0B4C61DE95D3000512899 /* MyScheduleViewController.swift in Sources */,
				187010241E0E4C1B008ED2FA /* Reachability.m in Sources */,
				84C0CDDB1E03C9C900078FEA /* NSData+ImageContentType.m in Sources */,
				1801482E1E0A6E6D00C99D16 /* JSQMessagesLabel.m in Sources */,
				180148131E0A6E6D00C99D16 /* JSQMessagesBubbleImageFactory.m in Sources */,
				18F014F91E0BB0F700A5D9B9 /* NSBundle+Language.m in Sources */,
				1801481C1E0A6E6D00C99D16 /* MessageViewController.m in Sources */,
				1801482F1E0A6E6D00C99D16 /* JSQMessagesLoadEarlierHeaderView.m in Sources */,
				18F0244E1DE416DB005FC57F /* SwiftLoader.swift in Sources */,
				8460CFDB1E0B9C610067BC56 /* PrincipleDetailViewController.swift in Sources */,
				180148201E0A6E6D00C99D16 /* JSQMessagesAvatarImage.m in Sources */,
				84CE97CA1E0A875000A6BFAA /* SBPickerSelector.m in Sources */,
				180148081E0A6E6D00C99D16 /* JSQSystemSoundPlayer+JSQMessages.m in Sources */,
				18F0244C1DE416B5005FC57F /* GlobalClass.swift in Sources */,
				84E33C841E08E03E00501291 /* MentionDetailViewController.swift in Sources */,
				18951FF91DE6E5F400017A0F /* BaseViewController.swift in Sources */,
				84C0CDDE1E03C9C900078FEA /* SDWebImageDecoder.m in Sources */,
				2BF0B4B91DE959B700512899 /* RSDFDatePickerCollectionView.m in Sources */,
				180148171E0A6E6D00C99D16 /* JSQSystemSoundPlayer.m in Sources */,
				18951FEC1DE6BB4200017A0F /* HomeViewController.swift in Sources */,
				1895200D1DE6FD9A00017A0F /* TPKeyboardAvoidingScrollView.m in Sources */,
				84CE97C51E0A765E00A6BFAA /* DataSchedule.swift in Sources */,
				180148311E0A6E6D00C99D16 /* JSQMessagesMediaPlaceholderView.m in Sources */,
				1801480A1E0A6E6D00C99D16 /* NSString+JSQMessages.m in Sources */,
				18F024501DE41738005FC57F /* Constant.swift in Sources */,
				84C0CDE21E03C9C900078FEA /* SDWebImagePrefetcher.m in Sources */,
				1801480E1E0A6E6D00C99D16 /* UIView+JSQMessages.m in Sources */,
				84C0CDDA1E03C9C900078FEA /* MKAnnotationView+WebCache.m in Sources */,
				180148191E0A6E6D00C99D16 /* JSQMessagesCollectionViewFlowLayout.m in Sources */,
				1801480F1E0A6E6D00C99D16 /* JSQMessagesKeyboardController.m in Sources */,
				1801480B1E0A6E6D00C99D16 /* UIColor+JSQMessages.m in Sources */,
				180148271E0A6E6D00C99D16 /* JSQMessagesCollectionViewCell.m in Sources */,
				84C0CDE41E03C9C900078FEA /* UIImage+GIF.m in Sources */,
				1801482A1E0A6E6D00C99D16 /* JSQMessagesCollectionViewCellOutgoing.m in Sources */,
				848FEB381E07B25000945222 /* MentionRequest.swift in Sources */,
				180148151E0A6E6D00C99D16 /* JSQMessagesTimestampFormatter.m in Sources */,
				1846AD911E0A72520051FB47 /* UIVViewController-SLPopup.swift in Sources */,
				180148121E0A6E6D00C99D16 /* JSQMessagesAvatarImageFactory.m in Sources */,
				18951FEE1DE6BE8100017A0F /* DetailViewController.swift in Sources */,
			);
			runOnlyForDeploymentPostprocessing = 0;
		};
/* End PBXSourcesBuildPhase section */

/* Begin PBXVariantGroup section */
		18F024351DE4144E005FC57F /* Main.storyboard */ = {
			isa = PBXVariantGroup;
			children = (
				18F024361DE4144E005FC57F /* Base */,
			);
			name = Main.storyboard;
			sourceTree = "<group>";
		};
		18F0243D1DE4144E005FC57F /* LaunchScreen.storyboard */ = {
			isa = PBXVariantGroup;
			children = (
				18F0243E1DE4144E005FC57F /* Base */,
			);
			name = LaunchScreen.storyboard;
			sourceTree = "<group>";
		};
/* End PBXVariantGroup section */

/* Begin XCBuildConfiguration section */
		18F024411DE4144E005FC57F /* Debug */ = {
			isa = XCBuildConfiguration;
			buildSettings = {
				ALWAYS_EMBED_SWIFT_STANDARD_LIBRARIES = YES;
				ALWAYS_SEARCH_USER_PATHS = NO;
				CLANG_ANALYZER_LOCALIZABILITY_NONLOCALIZED = YES;
				CLANG_ANALYZER_NONNULL = YES;
				CLANG_CXX_LANGUAGE_STANDARD = "gnu++0x";
				CLANG_CXX_LIBRARY = "libc++";
				CLANG_ENABLE_MODULES = YES;
				CLANG_ENABLE_OBJC_ARC = YES;
				CLANG_WARN_BOOL_CONVERSION = YES;
				CLANG_WARN_CONSTANT_CONVERSION = YES;
				CLANG_WARN_DIRECT_OBJC_ISA_USAGE = YES_ERROR;
				CLANG_WARN_DOCUMENTATION_COMMENTS = YES;
				CLANG_WARN_EMPTY_BODY = YES;
				CLANG_WARN_ENUM_CONVERSION = YES;
				CLANG_WARN_INFINITE_RECURSION = YES;
				CLANG_WARN_INT_CONVERSION = YES;
				CLANG_WARN_OBJC_ROOT_CLASS = YES_ERROR;
				CLANG_WARN_SUSPICIOUS_MOVES = YES;
				CLANG_WARN_UNREACHABLE_CODE = YES;
				CLANG_WARN__DUPLICATE_METHOD_MATCH = YES;
				"CODE_SIGN_IDENTITY[sdk=iphoneos*]" = "iPhone Developer";
				COPY_PHASE_STRIP = NO;
				DEBUG_INFORMATION_FORMAT = dwarf;
				DEFINES_MODULE = YES;
				ENABLE_STRICT_OBJC_MSGSEND = YES;
				ENABLE_TESTABILITY = YES;
				GCC_C_LANGUAGE_STANDARD = gnu99;
				GCC_DYNAMIC_NO_PIC = NO;
				GCC_NO_COMMON_BLOCKS = YES;
				GCC_OPTIMIZATION_LEVEL = 0;
				GCC_PREPROCESSOR_DEFINITIONS = (
					"DEBUG=1",
					"$(inherited)",
				);
				GCC_WARN_64_TO_32_BIT_CONVERSION = YES;
				GCC_WARN_ABOUT_RETURN_TYPE = YES_ERROR;
				GCC_WARN_UNDECLARED_SELECTOR = YES;
				GCC_WARN_UNINITIALIZED_AUTOS = YES_AGGRESSIVE;
				GCC_WARN_UNUSED_FUNCTION = YES;
				GCC_WARN_UNUSED_VARIABLE = YES;
				IPHONEOS_DEPLOYMENT_TARGET = 8.0;
				MTL_ENABLE_DEBUG_INFO = YES;
				ONLY_ACTIVE_ARCH = YES;
				SDKROOT = iphoneos;
				SWIFT_ACTIVE_COMPILATION_CONDITIONS = DEBUG;
				SWIFT_OPTIMIZATION_LEVEL = "-Onone";
				SWIFT_VERSION = 2.3;
				TARGETED_DEVICE_FAMILY = "1,2";
			};
			name = Debug;
		};
		18F024421DE4144E005FC57F /* Release */ = {
			isa = XCBuildConfiguration;
			buildSettings = {
				ALWAYS_EMBED_SWIFT_STANDARD_LIBRARIES = YES;
				ALWAYS_SEARCH_USER_PATHS = NO;
				CLANG_ANALYZER_LOCALIZABILITY_NONLOCALIZED = YES;
				CLANG_ANALYZER_NONNULL = YES;
				CLANG_CXX_LANGUAGE_STANDARD = "gnu++0x";
				CLANG_CXX_LIBRARY = "libc++";
				CLANG_ENABLE_MODULES = YES;
				CLANG_ENABLE_OBJC_ARC = YES;
				CLANG_WARN_BOOL_CONVERSION = YES;
				CLANG_WARN_CONSTANT_CONVERSION = YES;
				CLANG_WARN_DIRECT_OBJC_ISA_USAGE = YES_ERROR;
				CLANG_WARN_DOCUMENTATION_COMMENTS = YES;
				CLANG_WARN_EMPTY_BODY = YES;
				CLANG_WARN_ENUM_CONVERSION = YES;
				CLANG_WARN_INFINITE_RECURSION = YES;
				CLANG_WARN_INT_CONVERSION = YES;
				CLANG_WARN_OBJC_ROOT_CLASS = YES_ERROR;
				CLANG_WARN_SUSPICIOUS_MOVES = YES;
				CLANG_WARN_UNREACHABLE_CODE = YES;
				CLANG_WARN__DUPLICATE_METHOD_MATCH = YES;
				"CODE_SIGN_IDENTITY[sdk=iphoneos*]" = "iPhone Developer";
				COPY_PHASE_STRIP = NO;
				DEBUG_INFORMATION_FORMAT = "dwarf-with-dsym";
				DEFINES_MODULE = YES;
				ENABLE_NS_ASSERTIONS = NO;
				ENABLE_STRICT_OBJC_MSGSEND = YES;
				GCC_C_LANGUAGE_STANDARD = gnu99;
				GCC_NO_COMMON_BLOCKS = YES;
				GCC_WARN_64_TO_32_BIT_CONVERSION = YES;
				GCC_WARN_ABOUT_RETURN_TYPE = YES_ERROR;
				GCC_WARN_UNDECLARED_SELECTOR = YES;
				GCC_WARN_UNINITIALIZED_AUTOS = YES_AGGRESSIVE;
				GCC_WARN_UNUSED_FUNCTION = YES;
				GCC_WARN_UNUSED_VARIABLE = YES;
				IPHONEOS_DEPLOYMENT_TARGET = 8.0;
				MTL_ENABLE_DEBUG_INFO = NO;
				SDKROOT = iphoneos;
				SWIFT_OPTIMIZATION_LEVEL = "-Owholemodule";
				SWIFT_VERSION = 2.3;
				TARGETED_DEVICE_FAMILY = "1,2";
				VALIDATE_PRODUCT = YES;
			};
			name = Release;
		};
		18F024441DE4144E005FC57F /* Debug */ = {
			isa = XCBuildConfiguration;
			buildSettings = {
				ASSETCATALOG_COMPILER_APPICON_NAME = AppIcon;
				CLANG_ENABLE_MODULES = YES;
				DEFINES_MODULE = YES;
				DEVELOPMENT_TEAM = 9HANAXMRQ4;
				FRAMEWORK_SEARCH_PATHS = (
					"$(inherited)",
					"$(PROJECT_DIR)/AirAgentLawyer/FBFramework",
				);
				INFOPLIST_FILE = AirAgentLawyer/Info.plist;
				IPHONEOS_DEPLOYMENT_TARGET = 8.0;
				LD_RUNPATH_SEARCH_PATHS = "$(inherited) @executable_path/Frameworks";
				PRODUCT_BUNDLE_IDENTIFIER = com.cearsinfotech.AirAgentLawyer;
				PRODUCT_NAME = "$(TARGET_NAME)";
				SWIFT_OBJC_BRIDGING_HEADER = "AirAgentLawyer/Library/TPKeyBoard/AirAgentLawyer-Bridging-Header.h";
				SWIFT_OPTIMIZATION_LEVEL = "-Onone";
				SWIFT_VERSION = 2.3;
			};
			name = Debug;
		};
		18F024451DE4144E005FC57F /* Release */ = {
			isa = XCBuildConfiguration;
			buildSettings = {
				ASSETCATALOG_COMPILER_APPICON_NAME = AppIcon;
				CLANG_ENABLE_MODULES = YES;
				DEFINES_MODULE = YES;
				DEVELOPMENT_TEAM = 9HANAXMRQ4;
				FRAMEWORK_SEARCH_PATHS = (
					"$(inherited)",
					"$(PROJECT_DIR)/AirAgentLawyer/FBFramework",
				);
				INFOPLIST_FILE = AirAgentLawyer/Info.plist;
				IPHONEOS_DEPLOYMENT_TARGET = 8.0;
				LD_RUNPATH_SEARCH_PATHS = "$(inherited) @executable_path/Frameworks";
				PRODUCT_BUNDLE_IDENTIFIER = com.cearsinfotech.AirAgentLawyer;
				PRODUCT_NAME = "$(TARGET_NAME)";
				SWIFT_OBJC_BRIDGING_HEADER = "AirAgentLawyer/Library/TPKeyBoard/AirAgentLawyer-Bridging-Header.h";
				SWIFT_VERSION = 2.3;
			};
			name = Release;
		};
/* End XCBuildConfiguration section */

/* Begin XCConfigurationList section */
		18F024291DE4144D005FC57F /* Build configuration list for PBXProject "AirAgentLawyer" */ = {
			isa = XCConfigurationList;
			buildConfigurations = (
				18F024411DE4144E005FC57F /* Debug */,
				18F024421DE4144E005FC57F /* Release */,
			);
			defaultConfigurationIsVisible = 0;
			defaultConfigurationName = Release;
		};
		18F024431DE4144E005FC57F /* Build configuration list for PBXNativeTarget "AirAgentLawyer" */ = {
			isa = XCConfigurationList;
			buildConfigurations = (
				18F024441DE4144E005FC57F /* Debug */,
				18F024451DE4144E005FC57F /* Release */,
			);
			defaultConfigurationIsVisible = 0;
			defaultConfigurationName = Release;
		};
/* End XCConfigurationList section */

/* Begin XCVersionGroup section */
		18F024381DE4144E005FC57F /* AirAgentLawyer.xcdatamodeld */ = {
			isa = XCVersionGroup;
			children = (
				18F024391DE4144E005FC57F /* AirAgentLawyer.xcdatamodel */,
			);
			currentVersion = 18F024391DE4144E005FC57F /* AirAgentLawyer.xcdatamodel */;
			path = AirAgentLawyer.xcdatamodeld;
			sourceTree = "<group>";
			versionGroupType = wrapper.xcdatamodel;
		};
/* End XCVersionGroup section */
	};
	rootObject = 18F024261DE4144D005FC57F /* Project object */;
}
